{
  "version": 4,
  "terraform_version": "0.12.20",
  "serial": 451,
  "lineage": "3dc48486-29fe-82fb-ebc3-fe6601be3860",
  "outputs": {},
  "resources": [
    {
      "mode": "managed",
      "type": "aws_db_instance",
      "name": "DivvyCloud-ECS-MySQL",
      "provider": "provider.aws",
      "instances": [
        {
          "schema_version": 0,
          "attributes": {
            "address": "divvycloud-ecs-mysql.cmziwbuw4ezd.us-west-2.rds.amazonaws.com",
            "allocated_storage": 100,
            "allow_major_version_upgrade": null,
            "apply_immediately": null,
            "arn": "arn:aws:rds:us-west-2:014578312761:db:divvycloud-ecs-mysql",
            "auto_minor_version_upgrade": true,
            "availability_zone": "us-west-2b",
            "backup_retention_period": 14,
            "backup_window": "09:52-10:22",
            "ca_cert_identifier": "rds-ca-2019",
            "character_set_name": null,
            "copy_tags_to_snapshot": true,
            "db_subnet_group_name": "divvycloud-mysql-subnet-group",
            "deletion_protection": true,
            "domain": "",
            "domain_iam_role_name": "",
            "enabled_cloudwatch_logs_exports": [
              "audit",
              "error",
              "slowquery"
            ],
            "endpoint": "divvycloud-ecs-mysql.cmziwbuw4ezd.us-west-2.rds.amazonaws.com:3306",
            "engine": "mysql",
            "engine_version": "5.7.26",
            "final_snapshot_identifier": "divvycloud-ecs-mysql-final-20200212-1555",
            "hosted_zone_id": "Z1PVIF0B656C1W",
            "iam_database_authentication_enabled": false,
            "id": "divvycloud-ecs-mysql",
            "identifier": "divvycloud-ecs-mysql",
            "identifier_prefix": null,
            "instance_class": "db.m5.large",
            "iops": 0,
            "kms_key_id": "arn:aws:kms:us-west-2:014578312761:key/ebce3fa1-f7fd-4323-9fbf-8aeffd63e145",
            "license_model": "general-public-license",
            "maintenance_window": "wed:04:37-wed:05:07",
            "max_allocated_storage": 500,
            "monitoring_interval": 30,
            "monitoring_role_arn": "arn:aws:iam::014578312761:role/rds-monitoring-role",
            "multi_az": true,
            "name": "divvy",
            "option_group_name": "default:mysql-5-7",
            "parameter_group_name": "divvycloud-slow-query-pg",
            "password": "qU$EjAlgeVAq(a][[x+e",
            "performance_insights_enabled": true,
            "performance_insights_kms_key_id": "arn:aws:kms:us-west-2:014578312761:key/ebce3fa1-f7fd-4323-9fbf-8aeffd63e145",
            "performance_insights_retention_period": 7,
            "port": 3306,
            "publicly_accessible": true,
            "replicas": [],
            "replicate_source_db": "",
            "resource_id": "db-SY5B4VDVSFUS4RBLQ2GV55UOE4",
            "s3_import": [],
            "security_group_names": [],
            "skip_final_snapshot": false,
            "snapshot_identifier": null,
            "status": "available",
            "storage_encrypted": true,
            "storage_type": "gp2",
            "tags": {
              "Name": "DivvyCloud-ECS-MySQL"
            },
            "timeouts": null,
            "timezone": "",
            "username": "divvy",
            "vpc_security_group_ids": [
              "sg-09c9b71c5ea040f20"
            ]
          }
        }
      ]
    },
    {
      "mode": "managed",
      "type": "aws_db_parameter_group",
      "name": "DivvyCloud-RDS-SlowQuery-PG",
      "provider": "provider.aws",
      "instances": [
        {
          "schema_version": 0,
          "attributes": {
            "arn": "arn:aws:rds:us-west-2:014578312761:pg:divvycloud-slow-query-pg",
            "description": "Managed by Terraform",
            "family": "mysql5.7",
            "id": "divvycloud-slow-query-pg",
            "name": "divvycloud-slow-query-pg",
            "name_prefix": null,
            "parameter": [
              {
                "apply_method": "immediate",
                "name": "log_output",
                "value": "file"
              },
              {
                "apply_method": "immediate",
                "name": "slow_query_log",
                "value": "1"
              }
            ],
            "tags": {}
          },
          "private": "bnVsbA=="
        }
      ]
    },
    {
      "mode": "managed",
      "type": "aws_db_subnet_group",
      "name": "DivvyCloud-ECS-MySQL-Subnet-Group",
      "provider": "provider.aws",
      "instances": [
        {
          "schema_version": 0,
          "attributes": {
            "arn": "arn:aws:rds:us-west-2:014578312761:subgrp:divvycloud-mysql-subnet-group",
            "description": "Managed by Terraform",
            "id": "divvycloud-mysql-subnet-group",
            "name": "divvycloud-mysql-subnet-group",
            "name_prefix": null,
            "subnet_ids": [
              "subnet-0569acc5c453009ef",
              "subnet-05e4149bd9bca7996"
            ],
            "tags": {
              "Name": "DivvyCloud-ECS-MySQL-Subnet-Group"
            }
          },
          "private": "bnVsbA==",
          "dependencies": [
            "aws_subnet.DivvyCloud-ECS-Private-Subnet1",
            "aws_subnet.DivvyCloud-ECS-Private-Subnet2",
            "aws_vpc.DivvyCloud-ECS-VPC"
          ]
        }
      ]
    },
    {
      "mode": "managed",
      "type": "aws_iam_role",
      "name": "DivvyCloud-RDS-Role",
      "provider": "provider.aws",
      "instances": [
        {
          "schema_version": 0,
          "attributes": {
            "arn": "arn:aws:iam::014578312761:role/rds-monitoring-role",
            "assume_role_policy": "{\"Version\":\"2012-10-17\",\"Statement\":[{\"Effect\":\"Allow\",\"Principal\":{\"Service\":\"monitoring.rds.amazonaws.com\"},\"Action\":\"sts:AssumeRole\"}]}",
            "create_date": "2020-02-12T15:33:24Z",
            "description": "",
            "force_detach_policies": false,
            "id": "rds-monitoring-role",
            "max_session_duration": 3600,
            "name": "rds-monitoring-role",
            "name_prefix": null,
            "path": "/",
            "permissions_boundary": null,
            "tags": {},
            "unique_id": "AROAQGZHPMY4Q4CFJJ2EZ"
          },
          "private": "bnVsbA=="
        }
      ]
    },
    {
      "mode": "managed",
      "type": "aws_internet_gateway",
      "name": "DivvyCloud-InternetGateway",
      "provider": "provider.aws",
      "instances": [
        {
          "schema_version": 0,
          "attributes": {
            "id": "igw-0291bdb109a8b903f",
            "owner_id": "014578312761",
            "tags": {
              "Name": "DivvyCloud-InternetGateway"
            },
            "vpc_id": "vpc-07ee995c36701e165"
          }
        }
      ]
    },
    {
      "mode": "managed",
      "type": "aws_lb_listener",
      "name": "DivvCloud-ECS-ALB-Listener-HTTP",
      "each": "list",
      "provider": "provider.aws",
      "instances": []
    },
    {
      "mode": "managed",
      "type": "aws_lb_listener",
      "name": "DivvCloud-ECS-ALB-Listener-HTTPS",
      "each": "list",
      "provider": "provider.aws",
      "instances": []
    },
    {
      "mode": "managed",
      "type": "aws_security_group",
      "name": "DivvyCloud-ECS-SecurityGroup-RDS",
      "provider": "provider.aws",
      "instances": [
        {
          "schema_version": 1,
          "attributes": {
            "arn": "arn:aws:ec2:us-west-2:014578312761:security-group/sg-09c9b71c5ea040f20",
            "description": "Database Rules",
            "egress": [
              {
                "cidr_blocks": [
                  "0.0.0.0/0"
                ],
                "description": "",
                "from_port": 0,
                "ipv6_cidr_blocks": [],
                "prefix_list_ids": [],
                "protocol": "-1",
                "security_groups": [],
                "self": false,
                "to_port": 0
              }
            ],
            "id": "sg-09c9b71c5ea040f20",
            "ingress": [
              {
                "cidr_blocks": [
                  "172.31.0.0/16"
                ],
                "description": "",
                "from_port": 3306,
                "ipv6_cidr_blocks": [],
                "prefix_list_ids": [],
                "protocol": "tcp",
                "security_groups": [],
                "self": false,
                "to_port": 3306
              }
            ],
            "name": "DivvyCloud-ECS-SecurityGroup-RDS",
            "name_prefix": null,
            "owner_id": "014578312761",
            "revoke_rules_on_delete": false,
            "tags": {},
            "timeouts": null,
            "vpc_id": "vpc-07ee995c36701e165"
          },
          "private": "eyJlMmJmYjczMC1lY2FhLTExZTYtOGY4OC0zNDM2M2JjN2M0YzAiOnsiY3JlYXRlIjo2MDAwMDAwMDAwMDAsImRlbGV0ZSI6NjAwMDAwMDAwMDAwfSwic2NoZW1hX3ZlcnNpb24iOiIxIn0=",
          "dependencies": [
            "aws_vpc.DivvyCloud-ECS-VPC"
          ]
        }
      ]
    },
    {
      "mode": "managed",
      "type": "aws_subnet",
      "name": "DivvyCloud-ECS-Private-Subnet1",
      "provider": "provider.aws",
      "instances": [
        {
          "schema_version": 1,
          "attributes": {
            "arn": "arn:aws:ec2:us-west-2:014578312761:subnet/subnet-0569acc5c453009ef",
            "assign_ipv6_address_on_creation": false,
            "availability_zone": "us-west-2a",
            "availability_zone_id": "usw2-az2",
            "cidr_block": "172.31.0.0/20",
            "id": "subnet-0569acc5c453009ef",
            "ipv6_cidr_block": "",
            "ipv6_cidr_block_association_id": "",
            "map_public_ip_on_launch": false,
            "owner_id": "014578312761",
            "tags": {
              "Name": "DivvyCloud-ECS-Private-Subnet1"
            },
            "timeouts": null,
            "vpc_id": "vpc-07ee995c36701e165"
          },
          "private": "eyJlMmJmYjczMC1lY2FhLTExZTYtOGY4OC0zNDM2M2JjN2M0YzAiOnsiY3JlYXRlIjo2MDAwMDAwMDAwMDAsImRlbGV0ZSI6MTIwMDAwMDAwMDAwMH0sInNjaGVtYV92ZXJzaW9uIjoiMSJ9",
          "dependencies": [
            "aws_vpc.DivvyCloud-ECS-VPC"
          ]
        }
      ]
    },
    {
      "mode": "managed",
      "type": "aws_subnet",
      "name": "DivvyCloud-ECS-Private-Subnet2",
      "provider": "provider.aws",
      "instances": [
        {
          "schema_version": 1,
          "attributes": {
            "arn": "arn:aws:ec2:us-west-2:014578312761:subnet/subnet-05e4149bd9bca7996",
            "assign_ipv6_address_on_creation": false,
            "availability_zone": "us-west-2b",
            "availability_zone_id": "usw2-az1",
            "cidr_block": "172.31.16.0/20",
            "id": "subnet-05e4149bd9bca7996",
            "ipv6_cidr_block": "",
            "ipv6_cidr_block_association_id": "",
            "map_public_ip_on_launch": false,
            "owner_id": "014578312761",
            "tags": {
              "Name": "DivvyCloud-ECS-Private-Subnet2"
            },
            "timeouts": null,
            "vpc_id": "vpc-07ee995c36701e165"
          },
          "private": "eyJlMmJmYjczMC1lY2FhLTExZTYtOGY4OC0zNDM2M2JjN2M0YzAiOnsiY3JlYXRlIjo2MDAwMDAwMDAwMDAsImRlbGV0ZSI6MTIwMDAwMDAwMDAwMH0sInNjaGVtYV92ZXJzaW9uIjoiMSJ9",
          "dependencies": [
            "aws_vpc.DivvyCloud-ECS-VPC"
          ]
        }
      ]
    },
    {
      "mode": "managed",
      "type": "aws_vpc",
      "name": "DivvyCloud-ECS-VPC",
      "provider": "provider.aws",
      "instances": [
        {
          "schema_version": 1,
          "attributes": {
            "arn": "arn:aws:ec2:us-west-2:014578312761:vpc/vpc-07ee995c36701e165",
            "assign_generated_ipv6_cidr_block": false,
            "cidr_block": "172.31.0.0/16",
            "default_network_acl_id": "acl-0d161d27947af15fa",
            "default_route_table_id": "rtb-0dbb305e9f923a1c6",
            "default_security_group_id": "sg-0e7b35c5d6d61692f",
            "dhcp_options_id": "dopt-1d413278",
            "enable_classiclink": false,
            "enable_classiclink_dns_support": false,
            "enable_dns_hostnames": true,
            "enable_dns_support": true,
            "id": "vpc-07ee995c36701e165",
            "instance_tenancy": "default",
            "ipv6_association_id": "",
            "ipv6_cidr_block": "",
            "main_route_table_id": "rtb-0dbb305e9f923a1c6",
            "owner_id": "014578312761",
            "tags": {
              "Name": "DivvyCloud-ECS-VPC"
            }
          },
          "private": "eyJzY2hlbWFfdmVyc2lvbiI6IjEifQ=="
        }
      ]
    },
    {
      "mode": "managed",
      "type": "random_string",
      "name": "DivvyCloud-Random",
      "provider": "provider.random",
      "instances": [
        {
          "schema_version": 1,
          "attributes": {
            "id": "qU$EjAlgeVAq(a][[x+e",
            "keepers": null,
            "length": 20,
            "lower": true,
            "min_lower": 0,
            "min_numeric": 0,
            "min_special": 0,
            "min_upper": 0,
            "number": true,
            "override_special": null,
            "result": "qU$EjAlgeVAq(a][[x+e",
            "special": true,
            "upper": true
          },
          "private": "eyJzY2hlbWFfdmVyc2lvbiI6IjEifQ=="
        }
      ]
    }
  ]
}
