{
  "version": 4,
  "terraform_version": "0.12.20",
  "serial": 190,
  "lineage": "d867b716-8248-d082-9501-9cab059216ac",
  "outputs": {},
  "resources": [
    {
      "mode": "managed",
      "type": "aws_cloudwatch_log_group",
      "name": "DivvyCloud-ECS-Cluster-LogGroup",
      "provider": "provider.aws",
      "instances": [
        {
          "schema_version": 0,
          "attributes": {
            "arn": "arn:aws:logs:us-west-2:014578312761:log-group:DivvyCloud-ECS:*",
            "id": "DivvyCloud-ECS",
            "kms_key_id": "",
            "name": "DivvyCloud-ECS",
            "name_prefix": null,
            "retention_in_days": 0,
            "tags": {}
          },
          "private": "bnVsbA==",
          "dependencies": [
            "aws_ecs_cluster.DivvyCloud-ECS-Cluster"
          ]
        }
      ]
    },
    {
      "mode": "managed",
      "type": "aws_db_instance",
      "name": "DivvyCloud-ECS-MySQL",
      "provider": "provider.aws",
      "instances": [
        {
          "schema_version": 0,
          "attributes": {
            "address": "divvycloud-ecs-mysql.cmziwbuw4ezd.us-west-2.rds.amazonaws.com",
            "allocated_storage": 100,
            "allow_major_version_upgrade": null,
            "apply_immediately": null,
            "arn": "arn:aws:rds:us-west-2:014578312761:db:divvycloud-ecs-mysql",
            "auto_minor_version_upgrade": true,
            "availability_zone": "us-west-2b",
            "backup_retention_period": 14,
            "backup_window": "09:52-10:22",
            "ca_cert_identifier": "rds-ca-2019",
            "character_set_name": null,
            "copy_tags_to_snapshot": true,
            "db_subnet_group_name": "divvycloud-mysql-subnet-group",
            "deletion_protection": true,
            "domain": "",
            "domain_iam_role_name": "",
            "enabled_cloudwatch_logs_exports": [
              "audit",
              "error",
              "slowquery"
            ],
            "endpoint": "divvycloud-ecs-mysql.cmziwbuw4ezd.us-west-2.rds.amazonaws.com:3306",
            "engine": "mysql",
            "engine_version": "5.7.26",
            "final_snapshot_identifier": "divvycloud-ecs-mysql-final-20200211-2252",
            "hosted_zone_id": "Z1PVIF0B656C1W",
            "iam_database_authentication_enabled": false,
            "id": "divvycloud-ecs-mysql",
            "identifier": "divvycloud-ecs-mysql",
            "identifier_prefix": null,
            "instance_class": "db.m5.large",
            "iops": 0,
            "kms_key_id": "arn:aws:kms:us-west-2:014578312761:key/ebce3fa1-f7fd-4323-9fbf-8aeffd63e145",
            "license_model": "general-public-license",
            "maintenance_window": "wed:04:37-wed:05:07",
            "max_allocated_storage": 500,
            "monitoring_interval": 30,
            "monitoring_role_arn": "arn:aws:iam::014578312761:role/rds-monitoring-role",
            "multi_az": true,
            "name": "divvy",
            "option_group_name": "default:mysql-5-7",
            "parameter_group_name": "divvycloud-slow-query-pg",
            "password": "(y*)YdcV%e7nkaxCk2rx",
            "performance_insights_enabled": true,
            "performance_insights_kms_key_id": "arn:aws:kms:us-west-2:014578312761:key/ebce3fa1-f7fd-4323-9fbf-8aeffd63e145",
            "performance_insights_retention_period": 7,
            "port": 3306,
            "publicly_accessible": true,
            "replicas": [],
            "replicate_source_db": "",
            "resource_id": "db-53QFTJBO3KTJLL473RHKO5KGSY",
            "s3_import": [],
            "security_group_names": [],
            "skip_final_snapshot": false,
            "snapshot_identifier": null,
            "status": "available",
            "storage_encrypted": true,
            "storage_type": "gp2",
            "tags": {
              "Name": "DivvyCloud-ECS-MySQL"
            },
            "timeouts": null,
            "timezone": "",
            "username": "divvy",
            "vpc_security_group_ids": [
              "sg-086b4e07585b400ca"
            ]
          },
          "private": "eyJlMmJmYjczMC1lY2FhLTExZTYtOGY4OC0zNDM2M2JjN2M0YzAiOnsiY3JlYXRlIjoyNDAwMDAwMDAwMDAwLCJkZWxldGUiOjI0MDAwMDAwMDAwMDAsInVwZGF0ZSI6NDgwMDAwMDAwMDAwMH19",
          "dependencies": [
            "aws_db_parameter_group.DivvyCloud-RDS-SlowQuery-PG",
            "aws_db_subnet_group.DivvyCloud-ECS-MySQL-Subnet-Group",
            "aws_iam_role.DivvyCloud-RDS-Role",
            "aws_security_group.DivvyCloud-ECS-SecurityGroup-RDS",
            "random_string.DivvyCloud-Random"
          ]
        }
      ]
    },
    {
      "mode": "managed",
      "type": "aws_db_parameter_group",
      "name": "DivvyCloud-RDS-SlowQuery-PG",
      "provider": "provider.aws",
      "instances": [
        {
          "schema_version": 0,
          "attributes": {
            "arn": "arn:aws:rds:us-west-2:014578312761:pg:divvycloud-slow-query-pg",
            "description": "Managed by Terraform",
            "family": "mysql5.7",
            "id": "divvycloud-slow-query-pg",
            "name": "divvycloud-slow-query-pg",
            "name_prefix": null,
            "parameter": [
              {
                "apply_method": "immediate",
                "name": "log_output",
                "value": "file"
              },
              {
                "apply_method": "immediate",
                "name": "slow_query_log",
                "value": "1"
              }
            ],
            "tags": {}
          },
          "private": "bnVsbA=="
        }
      ]
    },
    {
      "mode": "managed",
      "type": "aws_db_subnet_group",
      "name": "DivvyCloud-ECS-MySQL-Subnet-Group",
      "provider": "provider.aws",
      "instances": [
        {
          "schema_version": 0,
          "attributes": {
            "arn": "arn:aws:rds:us-west-2:014578312761:subgrp:divvycloud-mysql-subnet-group",
            "description": "Managed by Terraform",
            "id": "divvycloud-mysql-subnet-group",
            "name": "divvycloud-mysql-subnet-group",
            "name_prefix": null,
            "subnet_ids": [
              "subnet-0b0c4cde0b18c4c70",
              "subnet-0b197bc1cb2436fec"
            ],
            "tags": {
              "Name": "DivvyCloud-ECS-MySQL-Subnet-Group"
            }
          },
          "private": "bnVsbA==",
          "dependencies": [
            "aws_subnet.DivvyCloud-ECS-Private-Subnet1",
            "aws_subnet.DivvyCloud-ECS-Private-Subnet2",
            "aws_vpc.DivvyCloud-ECS-VPC"
          ]
        }
      ]
    },
    {
      "mode": "managed",
      "type": "aws_ecs_cluster",
      "name": "DivvyCloud-ECS-Cluster",
      "provider": "provider.aws",
      "instances": [
        {
          "schema_version": 0,
          "attributes": {
            "arn": "arn:aws:ecs:us-west-2:014578312761:cluster/DivvyCloud-ECS",
            "capacity_providers": [
              "FARGATE",
              "FARGATE_SPOT"
            ],
            "default_capacity_provider_strategy": [
              {
                "base": 0,
                "capacity_provider": "FARGATE_SPOT",
                "weight": 1
              }
            ],
            "id": "arn:aws:ecs:us-west-2:014578312761:cluster/DivvyCloud-ECS",
            "name": "DivvyCloud-ECS",
            "setting": [
              {
                "name": "containerInsights",
                "value": "enabled"
              }
            ],
            "tags": {}
          },
          "private": "bnVsbA=="
        }
      ]
    },
    {
      "mode": "managed",
      "type": "aws_ecs_service",
      "name": "divvykeys",
      "provider": "provider.aws",
      "instances": [
        {
          "schema_version": 0,
          "attributes": {
            "capacity_provider_strategy": [
              {
                "base": 0,
                "capacity_provider": "FARGATE_SPOT",
                "weight": 1
              }
            ],
            "cluster": "arn:aws:ecs:us-west-2:014578312761:cluster/DivvyCloud-ECS",
            "deployment_controller": [
              {
                "type": "ECS"
              }
            ],
            "deployment_maximum_percent": 200,
            "deployment_minimum_healthy_percent": 100,
            "desired_count": 1,
            "enable_ecs_managed_tags": false,
            "health_check_grace_period_seconds": 0,
            "iam_role": "aws-service-role",
            "id": "arn:aws:ecs:us-west-2:014578312761:service/DELETE-ME-AFTER-FIRST-RUN",
            "launch_type": "",
            "load_balancer": [],
            "name": "DELETE-ME-AFTER-FIRST-RUN",
            "network_configuration": [
              {
                "assign_public_ip": false,
                "security_groups": [],
                "subnets": [
                  "subnet-0b197bc1cb2436fec"
                ]
              }
            ],
            "ordered_placement_strategy": [],
            "placement_constraints": [],
            "placement_strategy": [],
            "platform_version": "LATEST",
            "propagate_tags": "NONE",
            "scheduling_strategy": "REPLICA",
            "service_registries": [],
            "tags": {},
            "task_definition": "divvykeys:1"
          },
          "private": "bnVsbA==",
          "dependencies": [
            "aws_ecs_cluster.DivvyCloud-ECS-Cluster",
            "aws_ecs_task_definition.divvykeys",
            "aws_subnet.DivvyCloud-ECS-Private-Subnet1"
          ]
        }
      ]
    },
    {
      "mode": "managed",
      "type": "aws_ecs_service",
      "name": "interfaceserver",
      "provider": "provider.aws",
      "instances": [
        {
          "schema_version": 0,
          "attributes": {
            "capacity_provider_strategy": [
              {
                "base": 0,
                "capacity_provider": "FARGATE_SPOT",
                "weight": 1
              }
            ],
            "cluster": "arn:aws:ecs:us-west-2:014578312761:cluster/DivvyCloud-ECS",
            "deployment_controller": [
              {
                "type": "ECS"
              }
            ],
            "deployment_maximum_percent": 200,
            "deployment_minimum_healthy_percent": 50,
            "desired_count": 1,
            "enable_ecs_managed_tags": false,
            "health_check_grace_period_seconds": 300,
            "iam_role": "aws-service-role",
            "id": "arn:aws:ecs:us-west-2:014578312761:service/interfaceserver",
            "launch_type": "",
            "load_balancer": [
              {
                "container_name": "interfaceserver",
                "container_port": 8001,
                "elb_name": "",
                "target_group_arn": "arn:aws:elasticloadbalancing:us-west-2:014578312761:targetgroup/DivvyCloud-ECS-ALB-TG/1bcd86e7c64cc47c"
              }
            ],
            "name": "interfaceserver",
            "network_configuration": [
              {
                "assign_public_ip": false,
                "security_groups": [
                  "sg-05918b28ce705c082"
                ],
                "subnets": [
                  "subnet-01a7dade08fd10375",
                  "subnet-0b0c4cde0b18c4c70",
                  "subnet-0b197bc1cb2436fec"
                ]
              }
            ],
            "ordered_placement_strategy": [],
            "placement_constraints": [],
            "placement_strategy": [],
            "platform_version": "LATEST",
            "propagate_tags": "NONE",
            "scheduling_strategy": "REPLICA",
            "service_registries": [],
            "tags": {},
            "task_definition": "interfaceserver:1"
          },
          "private": "bnVsbA==",
          "dependencies": [
            "aws_ecs_cluster.DivvyCloud-ECS-Cluster",
            "aws_ecs_task_definition.interfaceserver",
            "aws_lb_target_group.DivvyCloud-ECS-ALB-TG",
            "aws_security_group.DivvyCloud-ECS-SecurityGroup-UI",
            "aws_subnet.DivvyCloud-ECS-Private-Subnet1",
            "aws_subnet.DivvyCloud-ECS-Private-Subnet2",
            "aws_subnet.DivvyCloud-ECS-Private-Subnet3"
          ]
        }
      ]
    },
    {
      "mode": "managed",
      "type": "aws_ecs_service",
      "name": "scheduler",
      "provider": "provider.aws",
      "instances": [
        {
          "schema_version": 0,
          "attributes": {
            "capacity_provider_strategy": [
              {
                "base": 0,
                "capacity_provider": "FARGATE_SPOT",
                "weight": 1
              }
            ],
            "cluster": "arn:aws:ecs:us-west-2:014578312761:cluster/DivvyCloud-ECS",
            "deployment_controller": [
              {
                "type": "ECS"
              }
            ],
            "deployment_maximum_percent": 200,
            "deployment_minimum_healthy_percent": 50,
            "desired_count": 1,
            "enable_ecs_managed_tags": false,
            "health_check_grace_period_seconds": 0,
            "iam_role": "aws-service-role",
            "id": "arn:aws:ecs:us-west-2:014578312761:service/scheduler",
            "launch_type": "",
            "load_balancer": [],
            "name": "scheduler",
            "network_configuration": [
              {
                "assign_public_ip": false,
                "security_groups": [],
                "subnets": [
                  "subnet-01a7dade08fd10375",
                  "subnet-0b0c4cde0b18c4c70",
                  "subnet-0b197bc1cb2436fec"
                ]
              }
            ],
            "ordered_placement_strategy": [],
            "placement_constraints": [],
            "placement_strategy": [],
            "platform_version": "LATEST",
            "propagate_tags": "NONE",
            "scheduling_strategy": "REPLICA",
            "service_registries": [],
            "tags": {},
            "task_definition": "scheduler:1"
          },
          "private": "bnVsbA==",
          "dependencies": [
            "aws_ecs_cluster.DivvyCloud-ECS-Cluster",
            "aws_ecs_task_definition.scheduler",
            "aws_subnet.DivvyCloud-ECS-Private-Subnet1",
            "aws_subnet.DivvyCloud-ECS-Private-Subnet2",
            "aws_subnet.DivvyCloud-ECS-Private-Subnet3"
          ]
        }
      ]
    },
    {
      "mode": "managed",
      "type": "aws_ecs_service",
      "name": "worker",
      "provider": "provider.aws",
      "instances": [
        {
          "schema_version": 0,
          "attributes": {
            "capacity_provider_strategy": [
              {
                "base": 0,
                "capacity_provider": "FARGATE_SPOT",
                "weight": 1
              }
            ],
            "cluster": "arn:aws:ecs:us-west-2:014578312761:cluster/DivvyCloud-ECS",
            "deployment_controller": [
              {
                "type": "ECS"
              }
            ],
            "deployment_maximum_percent": 200,
            "deployment_minimum_healthy_percent": 100,
            "desired_count": 1,
            "enable_ecs_managed_tags": false,
            "health_check_grace_period_seconds": 0,
            "iam_role": "aws-service-role",
            "id": "arn:aws:ecs:us-west-2:014578312761:service/worker",
            "launch_type": "",
            "load_balancer": [],
            "name": "worker",
            "network_configuration": [
              {
                "assign_public_ip": false,
                "security_groups": [],
                "subnets": [
                  "subnet-01a7dade08fd10375",
                  "subnet-0b0c4cde0b18c4c70",
                  "subnet-0b197bc1cb2436fec"
                ]
              }
            ],
            "ordered_placement_strategy": [],
            "placement_constraints": [],
            "placement_strategy": [],
            "platform_version": "LATEST",
            "propagate_tags": "NONE",
            "scheduling_strategy": "REPLICA",
            "service_registries": [],
            "tags": {},
            "task_definition": "worker:1"
          },
          "private": "bnVsbA==",
          "dependencies": [
            "aws_ecs_cluster.DivvyCloud-ECS-Cluster",
            "aws_ecs_task_definition.worker",
            "aws_subnet.DivvyCloud-ECS-Private-Subnet1",
            "aws_subnet.DivvyCloud-ECS-Private-Subnet2",
            "aws_subnet.DivvyCloud-ECS-Private-Subnet3"
          ]
        }
      ]
    },
    {
      "mode": "managed",
      "type": "aws_ecs_service",
      "name": "workerPersistent",
      "provider": "provider.aws",
      "instances": [
        {
          "schema_version": 0,
          "attributes": {
            "capacity_provider_strategy": [
              {
                "base": 0,
                "capacity_provider": "FARGATE",
                "weight": 1
              }
            ],
            "cluster": "arn:aws:ecs:us-west-2:014578312761:cluster/DivvyCloud-ECS",
            "deployment_controller": [
              {
                "type": "ECS"
              }
            ],
            "deployment_maximum_percent": 200,
            "deployment_minimum_healthy_percent": 100,
            "desired_count": 1,
            "enable_ecs_managed_tags": false,
            "health_check_grace_period_seconds": 0,
            "iam_role": "aws-service-role",
            "id": "arn:aws:ecs:us-west-2:014578312761:service/workerPersistent",
            "launch_type": "",
            "load_balancer": [],
            "name": "workerPersistent",
            "network_configuration": [
              {
                "assign_public_ip": false,
                "security_groups": [],
                "subnets": [
                  "subnet-01a7dade08fd10375",
                  "subnet-0b0c4cde0b18c4c70",
                  "subnet-0b197bc1cb2436fec"
                ]
              }
            ],
            "ordered_placement_strategy": [],
            "placement_constraints": [],
            "placement_strategy": [],
            "platform_version": "LATEST",
            "propagate_tags": "NONE",
            "scheduling_strategy": "REPLICA",
            "service_registries": [],
            "tags": {},
            "task_definition": "workerPersistent:1"
          },
          "private": "bnVsbA==",
          "dependencies": [
            "aws_ecs_cluster.DivvyCloud-ECS-Cluster",
            "aws_ecs_task_definition.workerPersistent",
            "aws_subnet.DivvyCloud-ECS-Private-Subnet1",
            "aws_subnet.DivvyCloud-ECS-Private-Subnet2",
            "aws_subnet.DivvyCloud-ECS-Private-Subnet3"
          ]
        }
      ]
    },
    {
      "mode": "managed",
      "type": "aws_ecs_task_definition",
      "name": "divvykeys",
      "provider": "provider.aws",
      "instances": [
        {
          "schema_version": 1,
          "attributes": {
            "arn": "arn:aws:ecs:us-west-2:014578312761:task-definition/divvykeys:1",
            "container_definitions": "[{\"command\":[\"mysql\",\"-h\",\"divvycloud-ecs-mysql.cmziwbuw4ezd.us-west-2.rds.amazonaws.com\",\"-u\",\"divvy\",\"-p(y*)YdcV%e7nkaxCk2rx\",\"-e\",\"CREATE DATABASE divvykeys\"],\"cpu\":0,\"dnsSearchDomains\":[],\"dnsServers\":[],\"dockerLabels\":{},\"dockerSecurityOptions\":[],\"entryPoint\":[],\"environment\":[{\"name\":\"DIVVY_REDIS_PORT\",\"value\":\"6379\"},{\"name\":\"VIRTUAL_ENV\",\"value\":\"/\"},{\"name\":\"DIVVY_REDIS_HOST\",\"value\":\"divvycloud-ecs-redis.zi2esc.ng.0001.usw2.cache.amazonaws.com\"},{\"name\":\"DIVVY_SECRETS_PROVIDER_CONFIG\",\"value\":\"AWSAssumeRole,region=us-west-2,secret_name=divvycloud-credentials\"},{\"name\":\"DIVVY_SECRET_DB_NAME\",\"value\":\"divvykeys\"},{\"name\":\"DIVVY_DB_NAME\",\"value\":\"divvy\"}],\"essential\":true,\"extraHosts\":[],\"image\":\"divvycloud/divvycloud:v20.0.1\",\"links\":[],\"linuxParameters\":{\"capabilities\":{},\"devices\":[]},\"logConfiguration\":{\"logDriver\":\"awslogs\",\"options\":{\"awslogs-group\":\"DivvyCloud-ECS\",\"awslogs-region\":\"us-west-2\",\"awslogs-stream-prefix\":\"divvykeys\"}},\"mountPoints\":[],\"name\":\"divvykeys\",\"portMappings\":[],\"privileged\":false,\"pseudoTerminal\":false,\"readonlyRootFilesystem\":false,\"ulimits\":[],\"volumesFrom\":[]}]",
            "cpu": "512",
            "execution_role_arn": "arn:aws:iam::014578312761:role/ecsTaskExecutionRole",
            "family": "divvykeys",
            "id": "divvykeys",
            "ipc_mode": "",
            "memory": "1024",
            "network_mode": "awsvpc",
            "pid_mode": "",
            "placement_constraints": [],
            "proxy_configuration": [],
            "requires_compatibilities": [
              "FARGATE"
            ],
            "revision": 1,
            "tags": {},
            "task_role_arn": "arn:aws:iam::014578312761:role/DivvyCloud-Standard-Role",
            "volume": []
          },
          "private": "eyJzY2hlbWFfdmVyc2lvbiI6IjEifQ==",
          "dependencies": [
            "aws_db_instance.DivvyCloud-ECS-MySQL",
            "aws_db_parameter_group.DivvyCloud-RDS-SlowQuery-PG",
            "aws_db_subnet_group.DivvyCloud-ECS-MySQL-Subnet-Group",
            "aws_ecs_cluster.DivvyCloud-ECS-Cluster",
            "aws_elasticache_replication_group.DivvyCloud-ECS-Redis-RG",
            "aws_elasticache_subnet_group.DivvyCloud-ECS-Redis-Subnet-Group",
            "aws_iam_role.DivvyCloud-ECS-Task-Role",
            "aws_iam_role.DivvyCloud-RDS-Role",
            "aws_iam_role.DivvyCloud-Standard-Role",
            "aws_security_group.DivvyCloud-ECS-SecurityGroup-RDS",
            "aws_security_group.DivvyCloud-ECS-SecurityGroup-Redis",
            "aws_subnet.DivvyCloud-ECS-Private-Subnet1",
            "aws_subnet.DivvyCloud-ECS-Private-Subnet2",
            "aws_subnet.DivvyCloud-ECS-Private-Subnet3",
            "aws_vpc.DivvyCloud-ECS-VPC",
            "random_string.DivvyCloud-Random"
          ]
        }
      ]
    },
    {
      "mode": "managed",
      "type": "aws_ecs_task_definition",
      "name": "interfaceserver",
      "provider": "provider.aws",
      "instances": [
        {
          "schema_version": 1,
          "attributes": {
            "arn": "arn:aws:ecs:us-west-2:014578312761:task-definition/interfaceserver:1",
            "container_definitions": "[{\"command\":[\"divvycloud\",\"webserver\"],\"cpu\":0,\"dnsSearchDomains\":[],\"dnsServers\":[],\"dockerLabels\":{},\"dockerSecurityOptions\":[],\"entryPoint\":[],\"environment\":[{\"name\":\"DIVVY_REDIS_PORT\",\"value\":\"6379\"},{\"name\":\"VIRTUAL_ENV\",\"value\":\"/\"},{\"name\":\"DIVVY_REDIS_HOST\",\"value\":\"divvycloud-ecs-redis.zi2esc.ng.0001.usw2.cache.amazonaws.com\"},{\"name\":\"DIVVY_SECRETS_PROVIDER_CONFIG\",\"value\":\"AWSAssumeRole,region=us-west-2,secret_name=divvycloud-credentials\"},{\"name\":\"DIVVY_SECRET_DB_NAME\",\"value\":\"divvykeys\"},{\"name\":\"DIVVY_DB_NAME\",\"value\":\"divvy\"}],\"essential\":true,\"extraHosts\":[],\"image\":\"divvycloud/divvycloud:v20.0.1\",\"links\":[],\"linuxParameters\":{\"capabilities\":{},\"devices\":[]},\"logConfiguration\":{\"logDriver\":\"awslogs\",\"options\":{\"awslogs-group\":\"DivvyCloud-ECS\",\"awslogs-region\":\"us-west-2\",\"awslogs-stream-prefix\":\"interfaceserver\"}},\"mountPoints\":[],\"name\":\"interfaceserver\",\"portMappings\":[{\"containerPort\":8001,\"hostPort\":8001,\"protocol\":\"tcp\"}],\"privileged\":false,\"pseudoTerminal\":false,\"readonlyRootFilesystem\":false,\"ulimits\":[],\"volumesFrom\":[]}]",
            "cpu": "1024",
            "execution_role_arn": "arn:aws:iam::014578312761:role/ecsTaskExecutionRole",
            "family": "interfaceserver",
            "id": "interfaceserver",
            "ipc_mode": "",
            "memory": "2048",
            "network_mode": "awsvpc",
            "pid_mode": "",
            "placement_constraints": [],
            "proxy_configuration": [],
            "requires_compatibilities": [
              "FARGATE"
            ],
            "revision": 1,
            "tags": {},
            "task_role_arn": "arn:aws:iam::014578312761:role/DivvyCloud-Standard-Role",
            "volume": []
          },
          "private": "eyJzY2hlbWFfdmVyc2lvbiI6IjEifQ==",
          "dependencies": [
            "aws_ecs_cluster.DivvyCloud-ECS-Cluster",
            "aws_elasticache_replication_group.DivvyCloud-ECS-Redis-RG",
            "aws_elasticache_subnet_group.DivvyCloud-ECS-Redis-Subnet-Group",
            "aws_iam_role.DivvyCloud-ECS-Task-Role",
            "aws_iam_role.DivvyCloud-Standard-Role",
            "aws_security_group.DivvyCloud-ECS-SecurityGroup-Redis",
            "aws_subnet.DivvyCloud-ECS-Private-Subnet1",
            "aws_subnet.DivvyCloud-ECS-Private-Subnet2",
            "aws_subnet.DivvyCloud-ECS-Private-Subnet3",
            "aws_vpc.DivvyCloud-ECS-VPC"
          ]
        }
      ]
    },
    {
      "mode": "managed",
      "type": "aws_ecs_task_definition",
      "name": "scheduler",
      "provider": "provider.aws",
      "instances": [
        {
          "schema_version": 1,
          "attributes": {
            "arn": "arn:aws:ecs:us-west-2:014578312761:task-definition/scheduler:1",
            "container_definitions": "[{\"command\":[\"divvycloud\",\"scheduler\",\"--db-upgrade\"],\"cpu\":0,\"dnsSearchDomains\":[],\"dnsServers\":[],\"dockerLabels\":{},\"dockerSecurityOptions\":[],\"entryPoint\":[],\"environment\":[{\"name\":\"DIVVY_REDIS_PORT\",\"value\":\"6379\"},{\"name\":\"VIRTUAL_ENV\",\"value\":\"/\"},{\"name\":\"DIVVY_REDIS_HOST\",\"value\":\"divvycloud-ecs-redis.zi2esc.ng.0001.usw2.cache.amazonaws.com\"},{\"name\":\"DIVVY_SECRETS_PROVIDER_CONFIG\",\"value\":\"AWSAssumeRole,region=us-west-2,secret_name=divvycloud-credentials\"},{\"name\":\"DIVVY_SECRET_DB_NAME\",\"value\":\"divvykeys\"},{\"name\":\"DIVVY_DB_NAME\",\"value\":\"divvy\"}],\"essential\":true,\"extraHosts\":[],\"image\":\"divvycloud/divvycloud:v20.0.1\",\"links\":[],\"linuxParameters\":{\"capabilities\":{},\"devices\":[]},\"logConfiguration\":{\"logDriver\":\"awslogs\",\"options\":{\"awslogs-group\":\"DivvyCloud-ECS\",\"awslogs-region\":\"us-west-2\",\"awslogs-stream-prefix\":\"scheduler\"}},\"mountPoints\":[],\"name\":\"scheduler\",\"portMappings\":[],\"privileged\":false,\"pseudoTerminal\":false,\"readonlyRootFilesystem\":false,\"ulimits\":[],\"volumesFrom\":[]}]",
            "cpu": "1024",
            "execution_role_arn": "arn:aws:iam::014578312761:role/ecsTaskExecutionRole",
            "family": "scheduler",
            "id": "scheduler",
            "ipc_mode": "",
            "memory": "2048",
            "network_mode": "awsvpc",
            "pid_mode": "",
            "placement_constraints": [],
            "proxy_configuration": [],
            "requires_compatibilities": [
              "FARGATE"
            ],
            "revision": 1,
            "tags": {},
            "task_role_arn": "arn:aws:iam::014578312761:role/DivvyCloud-Standard-Role",
            "volume": []
          },
          "private": "eyJzY2hlbWFfdmVyc2lvbiI6IjEifQ==",
          "dependencies": [
            "aws_ecs_cluster.DivvyCloud-ECS-Cluster",
            "aws_elasticache_replication_group.DivvyCloud-ECS-Redis-RG",
            "aws_elasticache_subnet_group.DivvyCloud-ECS-Redis-Subnet-Group",
            "aws_iam_role.DivvyCloud-ECS-Task-Role",
            "aws_iam_role.DivvyCloud-Standard-Role",
            "aws_security_group.DivvyCloud-ECS-SecurityGroup-Redis",
            "aws_subnet.DivvyCloud-ECS-Private-Subnet1",
            "aws_subnet.DivvyCloud-ECS-Private-Subnet2",
            "aws_subnet.DivvyCloud-ECS-Private-Subnet3",
            "aws_vpc.DivvyCloud-ECS-VPC"
          ]
        }
      ]
    },
    {
      "mode": "managed",
      "type": "aws_ecs_task_definition",
      "name": "worker",
      "provider": "provider.aws",
      "instances": [
        {
          "schema_version": 1,
          "attributes": {
            "arn": "arn:aws:ecs:us-west-2:014578312761:task-definition/worker:1",
            "container_definitions": "[{\"command\":[\"divvycloud\",\"worker\",\"--queue\",\"p2\"],\"cpu\":0,\"dnsSearchDomains\":[],\"dnsServers\":[],\"dockerLabels\":{},\"dockerSecurityOptions\":[],\"entryPoint\":[],\"environment\":[{\"name\":\"DIVVY_REDIS_PORT\",\"value\":\"6379\"},{\"name\":\"VIRTUAL_ENV\",\"value\":\"/\"},{\"name\":\"DIVVY_REDIS_HOST\",\"value\":\"divvycloud-ecs-redis.zi2esc.ng.0001.usw2.cache.amazonaws.com\"},{\"name\":\"DIVVY_SECRETS_PROVIDER_CONFIG\",\"value\":\"AWSAssumeRole,region=us-west-2,secret_name=divvycloud-credentials\"},{\"name\":\"DIVVY_SECRET_DB_NAME\",\"value\":\"divvykeys\"},{\"name\":\"DIVVY_DB_NAME\",\"value\":\"divvy\"}],\"essential\":true,\"extraHosts\":[],\"image\":\"divvycloud/divvycloud:v20.0.1\",\"links\":[],\"linuxParameters\":{\"capabilities\":{},\"devices\":[]},\"logConfiguration\":{\"logDriver\":\"awslogs\",\"options\":{\"awslogs-group\":\"DivvyCloud-ECS\",\"awslogs-region\":\"us-west-2\",\"awslogs-stream-prefix\":\"worker\"}},\"mountPoints\":[],\"name\":\"worker\",\"portMappings\":[],\"privileged\":false,\"pseudoTerminal\":false,\"readonlyRootFilesystem\":false,\"ulimits\":[],\"volumesFrom\":[]}]",
            "cpu": "1024",
            "execution_role_arn": "arn:aws:iam::014578312761:role/ecsTaskExecutionRole",
            "family": "worker",
            "id": "worker",
            "ipc_mode": "",
            "memory": "2048",
            "network_mode": "awsvpc",
            "pid_mode": "",
            "placement_constraints": [],
            "proxy_configuration": [],
            "requires_compatibilities": [
              "FARGATE"
            ],
            "revision": 1,
            "tags": {},
            "task_role_arn": "arn:aws:iam::014578312761:role/DivvyCloud-Standard-Role",
            "volume": []
          },
          "private": "eyJzY2hlbWFfdmVyc2lvbiI6IjEifQ==",
          "dependencies": [
            "aws_ecs_cluster.DivvyCloud-ECS-Cluster",
            "aws_elasticache_replication_group.DivvyCloud-ECS-Redis-RG",
            "aws_elasticache_subnet_group.DivvyCloud-ECS-Redis-Subnet-Group",
            "aws_iam_role.DivvyCloud-ECS-Task-Role",
            "aws_iam_role.DivvyCloud-Standard-Role",
            "aws_security_group.DivvyCloud-ECS-SecurityGroup-Redis",
            "aws_subnet.DivvyCloud-ECS-Private-Subnet1",
            "aws_subnet.DivvyCloud-ECS-Private-Subnet2",
            "aws_subnet.DivvyCloud-ECS-Private-Subnet3",
            "aws_vpc.DivvyCloud-ECS-VPC"
          ]
        }
      ]
    },
    {
      "mode": "managed",
      "type": "aws_ecs_task_definition",
      "name": "workerPersistent",
      "provider": "provider.aws",
      "instances": [
        {
          "schema_version": 1,
          "attributes": {
            "arn": "arn:aws:ecs:us-west-2:014578312761:task-definition/workerPersistent:1",
            "container_definitions": "[{\"command\":[\"divvycloud\",\"worker\",\"--queue\",\"p0\",\"--queue\",\"p1\"],\"cpu\":0,\"dnsSearchDomains\":[],\"dnsServers\":[],\"dockerLabels\":{},\"dockerSecurityOptions\":[],\"entryPoint\":[],\"environment\":[{\"name\":\"DIVVY_REDIS_PORT\",\"value\":\"6379\"},{\"name\":\"VIRTUAL_ENV\",\"value\":\"/\"},{\"name\":\"DIVVY_REDIS_HOST\",\"value\":\"divvycloud-ecs-redis.zi2esc.ng.0001.usw2.cache.amazonaws.com\"},{\"name\":\"DIVVY_SECRETS_PROVIDER_CONFIG\",\"value\":\"AWSAssumeRole,region=us-west-2,secret_name=divvycloud-credentials\"},{\"name\":\"DIVVY_SECRET_DB_NAME\",\"value\":\"divvykeys\"},{\"name\":\"DIVVY_DB_NAME\",\"value\":\"divvy\"}],\"essential\":true,\"extraHosts\":[],\"image\":\"divvycloud/divvycloud:v20.0.1\",\"links\":[],\"linuxParameters\":{\"capabilities\":{},\"devices\":[]},\"logConfiguration\":{\"logDriver\":\"awslogs\",\"options\":{\"awslogs-group\":\"DivvyCloud-ECS\",\"awslogs-region\":\"us-west-2\",\"awslogs-stream-prefix\":\"workerPersistent\"}},\"mountPoints\":[],\"name\":\"workerPersistent\",\"portMappings\":[],\"privileged\":false,\"pseudoTerminal\":false,\"readonlyRootFilesystem\":false,\"ulimits\":[],\"volumesFrom\":[]}]",
            "cpu": "1024",
            "execution_role_arn": "arn:aws:iam::014578312761:role/ecsTaskExecutionRole",
            "family": "workerPersistent",
            "id": "workerPersistent",
            "ipc_mode": "",
            "memory": "2048",
            "network_mode": "awsvpc",
            "pid_mode": "",
            "placement_constraints": [],
            "proxy_configuration": [],
            "requires_compatibilities": [
              "FARGATE"
            ],
            "revision": 1,
            "tags": {},
            "task_role_arn": "arn:aws:iam::014578312761:role/DivvyCloud-Standard-Role",
            "volume": []
          },
          "private": "eyJzY2hlbWFfdmVyc2lvbiI6IjEifQ==",
          "dependencies": [
            "aws_ecs_cluster.DivvyCloud-ECS-Cluster",
            "aws_elasticache_replication_group.DivvyCloud-ECS-Redis-RG",
            "aws_elasticache_subnet_group.DivvyCloud-ECS-Redis-Subnet-Group",
            "aws_iam_role.DivvyCloud-ECS-Task-Role",
            "aws_iam_role.DivvyCloud-Standard-Role",
            "aws_security_group.DivvyCloud-ECS-SecurityGroup-Redis",
            "aws_subnet.DivvyCloud-ECS-Private-Subnet1",
            "aws_subnet.DivvyCloud-ECS-Private-Subnet2",
            "aws_subnet.DivvyCloud-ECS-Private-Subnet3",
            "aws_vpc.DivvyCloud-ECS-VPC"
          ]
        }
      ]
    },
    {
      "mode": "managed",
      "type": "aws_eip",
      "name": "DivvyCloud-NAT-GW-EIP",
      "provider": "provider.aws",
      "instances": [
        {
          "schema_version": 0,
          "attributes": {
            "allocation_id": null,
            "associate_with_private_ip": null,
            "association_id": "eipassoc-023c7bc14719bf0a6",
            "domain": "vpc",
            "id": "eipalloc-0ae0637808db487aa",
            "instance": "",
            "network_interface": "eni-063b500cf279f0204",
            "private_dns": "ip-172-31-62-32.us-west-2.compute.internal",
            "private_ip": "172.31.62.32",
            "public_dns": "ec2-44-231-132-193.us-west-2.compute.amazonaws.com",
            "public_ip": "44.231.132.193",
            "public_ipv4_pool": "amazon",
            "tags": {},
            "timeouts": null,
            "vpc": true
          },
          "private": "eyJlMmJmYjczMC1lY2FhLTExZTYtOGY4OC0zNDM2M2JjN2M0YzAiOnsiZGVsZXRlIjoxODAwMDAwMDAwMDAsInJlYWQiOjkwMDAwMDAwMDAwMCwidXBkYXRlIjozMDAwMDAwMDAwMDB9fQ=="
        }
      ]
    },
    {
      "mode": "managed",
      "type": "aws_eip",
      "name": "DivvyCloud-NAT-GW-EIP2",
      "provider": "provider.aws",
      "instances": [
        {
          "schema_version": 0,
          "attributes": {
            "allocation_id": null,
            "associate_with_private_ip": null,
            "association_id": "eipassoc-06cbe3cd0e1b9fff0",
            "domain": "vpc",
            "id": "eipalloc-039d7f43e198eb57c",
            "instance": "",
            "network_interface": "eni-0602620515d03bd3f",
            "private_dns": "ip-172-31-69-221.us-west-2.compute.internal",
            "private_ip": "172.31.69.221",
            "public_dns": "ec2-54-202-8-10.us-west-2.compute.amazonaws.com",
            "public_ip": "54.202.8.10",
            "public_ipv4_pool": "amazon",
            "tags": {},
            "timeouts": null,
            "vpc": true
          },
          "private": "eyJlMmJmYjczMC1lY2FhLTExZTYtOGY4OC0zNDM2M2JjN2M0YzAiOnsiZGVsZXRlIjoxODAwMDAwMDAwMDAsInJlYWQiOjkwMDAwMDAwMDAwMCwidXBkYXRlIjozMDAwMDAwMDAwMDB9fQ=="
        }
      ]
    },
    {
      "mode": "managed",
      "type": "aws_eip",
      "name": "DivvyCloud-NAT-GW-EIP3",
      "provider": "provider.aws",
      "instances": [
        {
          "schema_version": 0,
          "attributes": {
            "allocation_id": null,
            "associate_with_private_ip": null,
            "association_id": "eipassoc-04c50d001bdfc042d",
            "domain": "vpc",
            "id": "eipalloc-0e4ecdef1fbbab4f2",
            "instance": "",
            "network_interface": "eni-0685ced473f5b579d",
            "private_dns": "ip-172-31-81-243.us-west-2.compute.internal",
            "private_ip": "172.31.81.243",
            "public_dns": "ec2-44-227-12-236.us-west-2.compute.amazonaws.com",
            "public_ip": "44.227.12.236",
            "public_ipv4_pool": "amazon",
            "tags": {},
            "timeouts": null,
            "vpc": true
          },
          "private": "eyJlMmJmYjczMC1lY2FhLTExZTYtOGY4OC0zNDM2M2JjN2M0YzAiOnsiZGVsZXRlIjoxODAwMDAwMDAwMDAsInJlYWQiOjkwMDAwMDAwMDAwMCwidXBkYXRlIjozMDAwMDAwMDAwMDB9fQ=="
        }
      ]
    },
    {
      "mode": "managed",
      "type": "aws_elasticache_replication_group",
      "name": "DivvyCloud-ECS-Redis-RG",
      "provider": "provider.aws",
      "instances": [
        {
          "schema_version": 1,
          "attributes": {
            "apply_immediately": null,
            "at_rest_encryption_enabled": false,
            "auth_token": "",
            "auto_minor_version_upgrade": true,
            "automatic_failover_enabled": true,
            "availability_zones": null,
            "cluster_mode": [],
            "configuration_endpoint_address": null,
            "engine": "redis",
            "engine_version": "5.0.6",
            "id": "divvycloud-ecs-redis",
            "kms_key_id": "",
            "maintenance_window": "sat:05:30-sat:06:30",
            "member_clusters": [
              "divvycloud-ecs-redis-001",
              "divvycloud-ecs-redis-002",
              "divvycloud-ecs-redis-003"
            ],
            "node_type": "cache.t2.small",
            "notification_topic_arn": null,
            "number_cache_clusters": 3,
            "parameter_group_name": "default.redis5.0",
            "port": 6379,
            "primary_endpoint_address": "divvycloud-ecs-redis.zi2esc.ng.0001.usw2.cache.amazonaws.com",
            "replication_group_description": "DivvyCloud-ECS-Redis",
            "replication_group_id": "divvycloud-ecs-redis",
            "security_group_ids": [
              "sg-08b562d321d8359ce"
            ],
            "security_group_names": [],
            "snapshot_arns": null,
            "snapshot_name": null,
            "snapshot_retention_limit": 0,
            "snapshot_window": "23:30-00:30",
            "subnet_group_name": "divvycloud-redis-subnet-group",
            "tags": null,
            "timeouts": {
              "create": null,
              "delete": null,
              "update": null
            },
            "transit_encryption_enabled": false
          },
          "private": "eyJlMmJmYjczMC1lY2FhLTExZTYtOGY4OC0zNDM2M2JjN2M0YzAiOnsiY3JlYXRlIjozNjAwMDAwMDAwMDAwLCJkZWxldGUiOjI0MDAwMDAwMDAwMDAsInVwZGF0ZSI6MjQwMDAwMDAwMDAwMH0sInNjaGVtYV92ZXJzaW9uIjoiMSJ9",
          "dependencies": [
            "aws_elasticache_subnet_group.DivvyCloud-ECS-Redis-Subnet-Group",
            "aws_security_group.DivvyCloud-ECS-SecurityGroup-Redis",
            "aws_subnet.DivvyCloud-ECS-Private-Subnet1",
            "aws_subnet.DivvyCloud-ECS-Private-Subnet2",
            "aws_subnet.DivvyCloud-ECS-Private-Subnet3",
            "aws_vpc.DivvyCloud-ECS-VPC"
          ]
        }
      ]
    },
    {
      "mode": "managed",
      "type": "aws_elasticache_subnet_group",
      "name": "DivvyCloud-ECS-Redis-Subnet-Group",
      "provider": "provider.aws",
      "instances": [
        {
          "schema_version": 0,
          "attributes": {
            "description": "Managed by Terraform",
            "id": "divvycloud-redis-subnet-group",
            "name": "divvycloud-redis-subnet-group",
            "subnet_ids": [
              "subnet-01a7dade08fd10375",
              "subnet-0b0c4cde0b18c4c70",
              "subnet-0b197bc1cb2436fec"
            ]
          },
          "private": "bnVsbA==",
          "dependencies": [
            "aws_subnet.DivvyCloud-ECS-Private-Subnet1",
            "aws_subnet.DivvyCloud-ECS-Private-Subnet2",
            "aws_subnet.DivvyCloud-ECS-Private-Subnet3",
            "aws_vpc.DivvyCloud-ECS-VPC"
          ]
        }
      ]
    },
    {
      "mode": "managed",
      "type": "aws_iam_policy",
      "name": "DivvyCloud-Standard-Role-Policy",
      "provider": "provider.aws",
      "instances": [
        {
          "schema_version": 0,
          "attributes": {
            "arn": "arn:aws:iam::014578312761:policy/DivvyCloud-Standard-Policy",
            "description": "DivvyCloud Standard RO Policy Pt 1",
            "id": "arn:aws:iam::014578312761:policy/DivvyCloud-Standard-Policy",
            "name": "DivvyCloud-Standard-Policy",
            "name_prefix": null,
            "path": "/",
            "policy": "{\n    \"Version\": \"2012-10-17\",\n    \"Statement\": [\n        {\n            \"Action\": [\n                \"access-analyzer:ListAnalyzers\",\n                \"access-analyzer:ListFindings\",\n                \"acm:DescribeCertificate\",\n                \"acm:ListCertificates\",\n                \"acm:ListTagsForCertificate\",\n                \"apigateway:GET\",\n                \"apigateway:GetApiKeys\",\n                \"apigateway:GetAuthorizers\",\n                \"apigateway:GetRestApiKeys\",\n                \"apigateway:GetRestApis\",\n                \"apigateway:GetRestStages\",\n                \"athena:GetWorkGroup\",\n                \"athena:ListWorkGroups\",\n                \"autoscaling:DescribeAutoScalingGroups\",\n                \"autoscaling:DescribeLaunchConfigurations\",\n                \"autoscaling:DescribeTags\",\n                \"cloudformation:DescribeStackResource\",\n                \"cloudformation:DescribeStackResources\",\n                \"cloudformation:DescribeStacks\",\n                \"cloudformation:GetTemplate\",\n                \"cloudformation:ListStackResources\",\n                \"cloudformation:ListStacks\",\n                \"cloudfront:GetDistribution\",\n                \"cloudfront:GetStreamingDistribution\",\n                \"cloudfront:ListDistributions\",\n                \"cloudfront:ListStreamingDistributions\",\n                \"cloudfront:ListTagsForResource\",\n                \"cloudsearch:DescribeAvailabilityOptions\",\n                \"cloudsearch:DescribeDomainEndpointOptions\",\n                \"cloudsearch:DescribeDomains\",\n                \"cloudsearch:DescribeServiceAccessPolicies\",\n                \"cloudsearch:ListDomainNames\",\n                \"cloudtrail:DescribeTrails\",\n                \"cloudtrail:GetEventSelectors\",\n                \"cloudtrail:GetTrailStatus\",\n                \"cloudwatch:DescribeAlarms\",\n                \"cloudwatch:GetMetricStatistics\",\n                \"cloudwatch:ListMetrics\",\n                \"codebuild:BatchGetProjects\",\n                \"codebuild:ListProjects\",\n                \"config:DescribeConfigurationRecorderStatus\",\n                \"config:DescribeConfigurationRecorders\",\n                \"config:DescribeDeliveryChannelStatus\",\n                \"config:DescribeDeliveryChannels\",\n                \"dax:DescribeClusters\",\n                \"dax:DescribeTable\",\n                \"dax:ListTags\",\n                \"dax:ListTables\",\n                \"directconnect:DescribeConnections\",\n                \"dms:DescribeReplicationInstances\",\n                \"dynamodb:DescribeContinuousBackups\",\n                \"dynamodb:DescribeGlobalTable\",\n                \"dynamodb:DescribeTable\",\n                \"dynamodb:ListBackups\",\n                \"dynamodb:ListGlobalTables\",\n                \"dynamodb:ListTables\",\n                \"dynamodb:ListTagsOfResource\",\n                \"ec2:DescribeAccountAttributes\",\n                \"ec2:DescribeAddresses\",\n                \"ec2:DescribeAvailabilityZones\",\n                \"ec2:DescribeFlowLogs\",\n                \"ec2:DescribeHosts\",\n                \"ec2:DescribeImageAttribute\",\n                \"ec2:DescribeImages\",\n                \"ec2:DescribeImportImageTasks\",\n                \"ec2:DescribeInstanceAttribute\",\n                \"ec2:DescribeInstanceStatus\",\n                \"ec2:DescribeInstances\",\n                \"ec2:DescribeInternetGateways\",\n                \"ec2:DescribeKeyPairs\",\n                \"ec2:DescribeMirrorTargets\",\n                \"ec2:DescribeNatGateways\",\n                \"ec2:DescribeNetworkAcls\",\n                \"ec2:DescribeNetworkInterfaceAttribute\",\n                \"ec2:DescribeNetworkInterfaces\",\n                \"ec2:DescribePlacementGroups\",\n                \"ec2:DescribeRegions\",\n                \"ec2:DescribeReservedInstances\",\n                \"ec2:DescribeRouteTables\",\n                \"ec2:DescribeSecurityGroups\",\n                \"ec2:DescribeSnapshotAttributes\",\n                \"ec2:DescribeSnapshots\",\n                \"ec2:DescribeSubnets\",\n                \"ec2:DescribeTags\",\n                \"ec2:DescribeTransitGatewayAttachments\",\n                \"ec2:DescribeTransitGateways\",\n                \"ec2:DescribeVolumeStatus\",\n                \"ec2:DescribeVolumes\",\n                \"ec2:DescribeVpcAttribute\",\n                \"ec2:DescribeVpcEndpoints\",\n                \"ec2:DescribeVpcPeeringConnections\",\n                \"ec2:DescribeVpcs\",\n                \"ec2:DescribeVpnConnections\",\n                \"ec2:GetConsoleOutput\",\n                \"ec2:GetEbsDefaultKmsKeyId\",\n                \"ec2:GetEbsEncryptionByDefault\"\n            ],\n            \"Effect\": \"Allow\",\n            \"Resource\": \"*\"\n        }\n    ]\n}\n"
          },
          "private": "bnVsbA=="
        }
      ]
    },
    {
      "mode": "managed",
      "type": "aws_iam_policy",
      "name": "DivvyCloud-Standard-Role-Policy2",
      "provider": "provider.aws",
      "instances": [
        {
          "schema_version": 0,
          "attributes": {
            "arn": "arn:aws:iam::014578312761:policy/DivvyCloud-Standard-Policy2",
            "description": "DivvyCloud Standard RO Policy Pt 2",
            "id": "arn:aws:iam::014578312761:policy/DivvyCloud-Standard-Policy2",
            "name": "DivvyCloud-Standard-Policy2",
            "name_prefix": null,
            "path": "/",
            "policy": "{\n    \"Version\": \"2012-10-17\",\n    \"Statement\": [\n        {\n            \"Action\": [\n                \"ecr:DescribeImages\",\n                \"ecr:DescribeImageScanFindings\",\n                \"ecr:DescribeRepositories\",\n                \"ecr:GetRepositoryPolicy\",\n                \"ecr:ListTagsForResource\",\n                \"ecs:DescribeClusters\",\n                \"ecs:DescribeContainerInstances\",\n                \"ecs:DescribeTaskDefinition\",\n                \"ecs:DescribeTasks\",\n                \"ecs:ListClusters\",\n                \"ecs:ListContainerInstances\",\n                \"ecs:ListTaskDefinitions\",\n                \"ecs:ListTasks\",\n                \"eks:DescribeCluster\",\n                \"eks:ListClusters\",\n                \"elasticache:DescribeCacheClusters\",\n                \"elasticache:DescribeCacheSubnetGroups\",\n                \"elasticache:DescribeReplicationGroups\",\n                \"elasticache:DescribeSnapshots\",\n                \"elasticache:ListTagsForResource\",\n                \"elasticbeanstalk:DescribeApplications\",\n                \"elasticbeanstalk:DescribeConfigurationSettings\",\n                \"elasticbeanstalk:DescribeEnvironments\",\n                \"elasticbeanstalk:DescribeEnvironmentResources\",\n                \"elasticbeanstalk:DescribePlatformVersion\",\n                \"elasticfilesystem:DescribeFileSystems\",\n                \"elasticfilesystem:DescribeMountTargetSecurityGroups\",\n                \"elasticfilesystem:DescribeMountTargets\",\n                \"elasticfilesystem:DescribeTags\",\n                \"elasticloadbalancing:DescribeInstanceHealth\",\n                \"elasticloadbalancing:DescribeListeners\",\n                \"elasticloadbalancing:DescribeLoadBalancerAttributes\",\n                \"elasticloadbalancing:DescribeLoadBalancerPolicies\",\n                \"elasticloadbalancing:DescribeLoadBalancerPolicyTypes\",\n                \"elasticloadbalancing:DescribeLoadBalancers\",\n                \"elasticloadbalancing:DescribeRules\",\n                \"elasticloadbalancing:DescribeTags\",\n                \"elasticloadbalancing:DescribeTargetGroups\",\n                \"elasticloadbalancing:DescribeTargetHealth\",\n                \"elasticmapreduce:DescribeCluster\",\n                \"elasticmapreduce:ListClusters\",\n                \"elasticmapreduce:ListInstances\",\n                \"es:DescribeElasticsearchDomains\",\n                \"es:ListDomainNames\",\n                \"es:ListTags\",\n                \"events:DescribeEventBus\",\n                \"events:ListRules\",\n                \"events:ListTargetsByRule\",\n                \"firehose:DescribeDeliveryStream\",\n                \"firehose:ListDeliveryStreams\",\n                \"firehose:ListTagsForDeliveryStream\",\n                \"fsx:DescribeFileSystems\",\n                \"glacier:DescribeVault\",\n                \"glacier:GetVaultAccessPolicy\",\n                \"glacier:GetVaultLock\",\n                \"glacier:ListTagsForVault\",\n                \"glacier:ListVaults\",\n                \"guardduty:GetDetector\",\n                \"guardduty:GetFindings\",\n                \"guardduty:GetMasterAccount\",\n                \"guardduty:ListDetectors\",\n                \"guardduty:ListFindings\",\n                \"guardduty:ListMembers\",\n                \"iam:GenerateCredentialReport\",\n                \"iam:GetAccessKeyLastUsed\",\n                \"iam:GetAccountAuthorizationDetails\",\n                \"iam:GetAccountPasswordPolicy\",\n                \"iam:GetAccountSummary\",\n                \"iam:GetCredentialReport\",\n                \"iam:GetLoginProfile\",\n                \"iam:GetPolicyVersion\",\n                \"iam:GetRole\",\n                \"iam:GetRolePolicy\",\n                \"iam:GetSAMLProvider\",\n                \"iam:GetServerCertificate\",\n                \"iam:GetUser\",\n                \"iam:GetUserPolicy\",\n                \"iam:ListAccessKeys\",\n                \"iam:ListAttachedGroupPolicies\",\n                \"iam:ListAccountAliases\",\n                \"iam:ListAttachedRolePolicies\",\n                \"iam:ListAttachedUserPolicies\",\n              \t\"iam:ListEntitiesForPolicy\",\n                \"iam:ListGroupPolicies\",\n                \"iam:ListGroups\",\n                \"iam:ListGroupsForUser\",\n                \"iam:ListInstanceProfiles\",\n                \"iam:ListMFADevices\",\n                \"iam:ListPolicies\",\n                \"iam:ListPolicyVersions\",\n                \"iam:ListRolePolicies\",\n                \"iam:ListRoles\",\n                \"iam:ListRoleTags\",              \n                \"iam:ListSAMLProviders\",\n                \"iam:ListServerCertificates\",\n                \"iam:ListSigningCertificates\",\n                \"iam:ListUserPolicies\",\n                \"iam:ListUsers\",\n                \"iam:ListUserTags\",         \n                \"iam:SimulatePrincipalPolicy\",\n                \"kafka:ListClusters\",\n                \"kinesis:DescribeStream\",\n                \"kinesis:ListShards\",\n                \"kinesis:ListStreams\",\n                \"kinesis:ListTagsForStream\",\n                \"kinesisvideo:DescribeStream\",\n                \"kinesisvideo:ListStreams\",\n                \"kinesisvideo:ListTagsForStream\",\n                \"kms:DescribeKey\",\n                \"kms:GetKeyPolicy\",\n                \"kms:GetKeyRotationStatus\",\n                \"kms:ListAliases\",\n                \"kms:ListKeys\",\n                \"lambda:GetAccountSettings\",\n                \"lambda:ListFunctions\",\n                \"lambda:ListTags\",\n                \"logs:DescribeLogGroups\",\n                \"mq:DescribeBroker\",\n                \"mq:ListBrokers\",\n                \"organizations:DescribeOrganization\",\n                \"organizations:DescribePolicy\",\n                \"organizations:ListAccounts\",\n                \"organizations:ListPolicies\",\n                \"organizations:ListTargetsForPolicy\",\n                \"pricing:GetProducts\",\n                \"rds:DescribeDBClusters\",                            \n                \"rds:DescribeDbClusterSnapshotAttributes\",\n                \"rds:DescribeDBClusterSnapshots\",\n                \"rds:DescribeDBEngineVersions\",\n                \"rds:DescribeDBInstances\",\n                \"rds:DescribeDbSnapshotAttributes\",\n                \"rds:DescribeDBSnapshots\",\n                \"rds:DescribeReservedDBInstances\",\n                \"rds:ListTagsForResource\",\n                \"redshift:DescribeClusterParameterGroups\",\n                \"redshift:DescribeClusterParameters\",\n                \"redshift:DescribeClusterSnapshots\",\n                \"redshift:DescribeClusters\",\n                \"redshift:DescribeLoggingStatus\",\n                \"redshift:DescribeTags\",\n                \"route53:GetDomainDetail\",\n                \"route53:GetHostedZone\",\n                \"route53:ListDomains\",\n                \"route53:ListGeoLocations\",\n                \"route53:ListHealthChecks\",\n                \"route53:ListHostedZones\",\n                \"route53:ListHostedZonesByName\",\n                \"route53:ListResourceRecordSets\",\n                \"route53:ListTagsForResource\",\n                \"route53:ListTagsForResources\",\n                \"route53:ListVPCAssociationAuthorizations\",\n                \"route53domains:GetDomainDetail\",\n                \"route53domains:ListDomains\",\n                \"s3:GetBucketAcl\",\n                \"s3:GetBucketCORS\",\n                \"s3:GetBucketLocation\",\n                \"s3:GetBucketLogging\",\n                \"s3:GetBucketPolicy\",\n              \t\"s3:GetBucketPolicyStatus\",\n                \"s3:GetBucketTagging\",\n                \"s3:GetBucketVersioning\",\n                \"s3:GetBucketWebsite\",\n                \"s3:GetEncryptionConfiguration\",\n                \"s3:GetLifecycleConfiguration\",\n                \"s3:GetAccountPublicAccessBlock\",\n                \"s3:GetBucketPublicAccessBlock\",\n                \"s3:ListAllMyBuckets\",\n                \"sagemaker:DescribeNotebookInstance\",\n                \"sagemaker:ListNotebookInstances\",\n                \"sagemaker:ListTags\",\n                \"secretsmanager:DescribeSecret\",\n                \"secretsmanager:GetResourcePolicy\",\n                \"secretsmanager:ListSecrets\",\n                \"ses:GetIdentityDkimAttributes\",\n                \"ses:GetIdentityMailFromDomainAttributes\",\n                \"ses:GetIdentityNotificationAttributes\",\n                \"ses:GetIdentityVerificationAttributes\",\n                \"ses:ListIdentities\",\n                \"ses:ListIdentityPolicies\",\n                \"shield:DescribeEmergencyContactSettings\",\n                \"shield:ListAttacks\",\n                \"shield:ListProtections\",\n                \"sns:GetSubscriptionAttributes\",\n                \"sns:GetTopicAttributes\",\n                \"sns:ListSubscriptions\",\n                \"sns:ListTopics\",\n                \"sqs:GetQueueAttributes\",\n                \"sqs:ListQueueTags\",\n                \"sqs:ListQueues\",\n                \"sts:GetCallerIdentity\",\n                \"support:*\",\n                \"tag:GetResources\",\n                \"transfer:DescribeServer\",\n                \"transfer:ListServers\",              \n                \"waf:GetChangeToken\",\n                \"waf:GetRule\",\n                \"waf:GetWebACL\",\n                \"waf:ListRules\",\n                \"waf:ListWebACLs\",\n                \"waf-regional:GetRule\",\n                \"waf-regional:GetWebACL\",\n                \"waf-regional:ListRules\",\n                \"waf-regional:ListWebACLs\",\n                \"waf-regional:ListResourcesForWebACL\",\n                \"workspaces:DescribeTags\",\n                \"workspaces:DescribeWorkspaceBundles\",\n                \"workspaces:DescribeWorkspaceDirectories\",\n                \"workspaces:DescribeWorkspaces\",\n                \"workspaces:DescribeWorkspacesConnectionStatus\"\n            ],\n            \"Effect\": \"Allow\",\n            \"Resource\": \"*\"\n        }\n    ]\n}\n"
          },
          "private": "bnVsbA=="
        }
      ]
    },
    {
      "mode": "managed",
      "type": "aws_iam_policy",
      "name": "DivvyCloud-getSecret-Policy",
      "provider": "provider.aws",
      "instances": [
        {
          "schema_version": 0,
          "attributes": {
            "arn": "arn:aws:iam::014578312761:policy/DivvyCloud-getSecret-Policy",
            "description": "DivvyCloud GetSecretValue Policy",
            "id": "arn:aws:iam::014578312761:policy/DivvyCloud-getSecret-Policy",
            "name": "DivvyCloud-getSecret-Policy",
            "name_prefix": null,
            "path": "/",
            "policy": "{\n    \"Version\": \"2012-10-17\",\n    \"Statement\": [\n        {\n            \"Sid\": \"VisualEditor0\",\n            \"Effect\": \"Allow\",\n            \"Action\": \"secretsmanager:GetSecretValue\",\n            \"Resource\": \"arn:aws:secretsmanager:us-west-2:014578312761:secret:divvycloud-credentials-sZN4cJ\"\n        }\n    ]\n}\n"
          },
          "private": "bnVsbA==",
          "dependencies": [
            "aws_secretsmanager_secret.divvycloud-credentials"
          ]
        }
      ]
    },
    {
      "mode": "managed",
      "type": "aws_iam_role",
      "name": "DivvyCloud-ECS-Task-Role",
      "provider": "provider.aws",
      "instances": [
        {
          "schema_version": 0,
          "attributes": {
            "arn": "arn:aws:iam::014578312761:role/ecsTaskExecutionRole",
            "assume_role_policy": "{\"Version\":\"2012-10-17\",\"Statement\":[{\"Effect\":\"Allow\",\"Principal\":{\"Service\":\"ecs-tasks.amazonaws.com\"},\"Action\":\"sts:AssumeRole\"}]}",
            "create_date": "2020-02-11T21:46:54Z",
            "description": "",
            "force_detach_policies": false,
            "id": "ecsTaskExecutionRole",
            "max_session_duration": 3600,
            "name": "ecsTaskExecutionRole",
            "name_prefix": null,
            "path": "/",
            "permissions_boundary": null,
            "tags": {},
            "unique_id": "AROAQGZHPMY4UZFSJ42LO"
          },
          "private": "bnVsbA=="
        }
      ]
    },
    {
      "mode": "managed",
      "type": "aws_iam_role",
      "name": "DivvyCloud-RDS-Role",
      "provider": "provider.aws",
      "instances": [
        {
          "schema_version": 0,
          "attributes": {
            "arn": "arn:aws:iam::014578312761:role/rds-monitoring-role",
            "assume_role_policy": "{\"Version\":\"2012-10-17\",\"Statement\":[{\"Effect\":\"Allow\",\"Principal\":{\"Service\":\"monitoring.rds.amazonaws.com\"},\"Action\":\"sts:AssumeRole\"}]}",
            "create_date": "2020-02-11T21:46:54Z",
            "description": "",
            "force_detach_policies": false,
            "id": "rds-monitoring-role",
            "max_session_duration": 3600,
            "name": "rds-monitoring-role",
            "name_prefix": null,
            "path": "/",
            "permissions_boundary": null,
            "tags": {},
            "unique_id": "AROAQGZHPMY4R5C7OPVOC"
          },
          "private": "bnVsbA=="
        }
      ]
    },
    {
      "mode": "managed",
      "type": "aws_iam_role",
      "name": "DivvyCloud-Standard-Role",
      "provider": "provider.aws",
      "instances": [
        {
          "schema_version": 0,
          "attributes": {
            "arn": "arn:aws:iam::014578312761:role/DivvyCloud-Standard-Role",
            "assume_role_policy": "{\"Version\":\"2012-10-17\",\"Statement\":[{\"Effect\":\"Allow\",\"Principal\":{\"Service\":\"ecs-tasks.amazonaws.com\"},\"Action\":\"sts:AssumeRole\"}]}",
            "create_date": "2020-02-11T21:46:54Z",
            "description": "",
            "force_detach_policies": false,
            "id": "DivvyCloud-Standard-Role",
            "max_session_duration": 3600,
            "name": "DivvyCloud-Standard-Role",
            "name_prefix": null,
            "path": "/",
            "permissions_boundary": null,
            "tags": {},
            "unique_id": "AROAQGZHPMY4Y5ZZQRRMF"
          },
          "private": "bnVsbA=="
        }
      ]
    },
    {
      "mode": "managed",
      "type": "aws_iam_role_policy_attachment",
      "name": "DivvyCloud-ECS-Role-Attach",
      "provider": "provider.aws",
      "instances": [
        {
          "schema_version": 0,
          "attributes": {
            "id": "ecsTaskExecutionRole-20200211214705640400000004",
            "policy_arn": "arn:aws:iam::aws:policy/service-role/AmazonECSTaskExecutionRolePolicy",
            "role": "ecsTaskExecutionRole"
          },
          "private": "bnVsbA==",
          "dependencies": [
            "aws_iam_role.DivvyCloud-ECS-Task-Role"
          ]
        }
      ]
    },
    {
      "mode": "managed",
      "type": "aws_iam_role_policy_attachment",
      "name": "DivvyCloud-RDS-Role-Attach",
      "provider": "provider.aws",
      "instances": [
        {
          "schema_version": 0,
          "attributes": {
            "id": "rds-monitoring-role-20200211214705630600000002",
            "policy_arn": "arn:aws:iam::aws:policy/service-role/AmazonRDSEnhancedMonitoringRole",
            "role": "rds-monitoring-role"
          },
          "private": "bnVsbA==",
          "dependencies": [
            "aws_iam_role.DivvyCloud-RDS-Role"
          ]
        }
      ]
    },
    {
      "mode": "managed",
      "type": "aws_iam_role_policy_attachment",
      "name": "DivvyCloud-Standard-Role-Attach",
      "provider": "provider.aws",
      "instances": [
        {
          "schema_version": 0,
          "attributes": {
            "id": "DivvyCloud-Standard-Role-20200211214705614400000001",
            "policy_arn": "arn:aws:iam::014578312761:policy/DivvyCloud-Standard-Policy",
            "role": "DivvyCloud-Standard-Role"
          },
          "private": "bnVsbA==",
          "dependencies": [
            "aws_iam_policy.DivvyCloud-Standard-Role-Policy",
            "aws_iam_role.DivvyCloud-Standard-Role"
          ]
        }
      ]
    },
    {
      "mode": "managed",
      "type": "aws_iam_role_policy_attachment",
      "name": "DivvyCloud-Standard-Role-Attach2",
      "provider": "provider.aws",
      "instances": [
        {
          "schema_version": 0,
          "attributes": {
            "id": "DivvyCloud-Standard-Role-20200211214705632700000003",
            "policy_arn": "arn:aws:iam::014578312761:policy/DivvyCloud-Standard-Policy2",
            "role": "DivvyCloud-Standard-Role"
          },
          "private": "bnVsbA==",
          "dependencies": [
            "aws_iam_policy.DivvyCloud-Standard-Role-Policy2",
            "aws_iam_role.DivvyCloud-Standard-Role"
          ]
        }
      ]
    },
    {
      "mode": "managed",
      "type": "aws_iam_role_policy_attachment",
      "name": "DivvyCloud-Standard-Role-Attach3",
      "provider": "provider.aws",
      "instances": [
        {
          "schema_version": 0,
          "attributes": {
            "id": "DivvyCloud-Standard-Role-20200211214708160700000005",
            "policy_arn": "arn:aws:iam::014578312761:policy/DivvyCloud-getSecret-Policy",
            "role": "DivvyCloud-Standard-Role"
          },
          "private": "bnVsbA==",
          "dependencies": [
            "aws_iam_policy.DivvyCloud-getSecret-Policy",
            "aws_iam_role.DivvyCloud-Standard-Role",
            "aws_secretsmanager_secret.divvycloud-credentials"
          ]
        }
      ]
    },
    {
      "mode": "managed",
      "type": "aws_internet_gateway",
      "name": "DivvyCloud-InternetGateway",
      "provider": "provider.aws",
      "instances": [
        {
          "schema_version": 0,
          "attributes": {
            "id": "igw-0f101e98579a13c98",
            "owner_id": "014578312761",
            "tags": {
              "Name": "DivvyCloud-InternetGateway"
            },
            "vpc_id": "vpc-0ed963d08d2f1340f"
          },
          "private": "bnVsbA==",
          "dependencies": [
            "aws_vpc.DivvyCloud-ECS-VPC"
          ]
        }
      ]
    },
    {
      "mode": "managed",
      "type": "aws_lb",
      "name": "DivvyCloud-ECS-ALB",
      "provider": "provider.aws",
      "instances": [
        {
          "schema_version": 0,
          "attributes": {
            "access_logs": [
              {
                "bucket": "",
                "enabled": false,
                "prefix": ""
              }
            ],
            "arn": "arn:aws:elasticloadbalancing:us-west-2:014578312761:loadbalancer/app/DivvyCloud-ECS-ALB/5185a6bf363fac86",
            "arn_suffix": "app/DivvyCloud-ECS-ALB/5185a6bf363fac86",
            "dns_name": "DivvyCloud-ECS-ALB-779754116.us-west-2.elb.amazonaws.com",
            "enable_cross_zone_load_balancing": null,
            "enable_deletion_protection": false,
            "enable_http2": true,
            "id": "arn:aws:elasticloadbalancing:us-west-2:014578312761:loadbalancer/app/DivvyCloud-ECS-ALB/5185a6bf363fac86",
            "idle_timeout": 60,
            "internal": false,
            "ip_address_type": "ipv4",
            "load_balancer_type": "application",
            "name": "DivvyCloud-ECS-ALB",
            "name_prefix": null,
            "security_groups": [
              "sg-0d71b57ce6dac03b6"
            ],
            "subnet_mapping": [
              {
                "allocation_id": "",
                "subnet_id": "subnet-01a4add5c3f67cde4"
              },
              {
                "allocation_id": "",
                "subnet_id": "subnet-037a0b4e1ff8fec98"
              },
              {
                "allocation_id": "",
                "subnet_id": "subnet-0c5a5e75e3277dc60"
              }
            ],
            "subnets": [
              "subnet-01a4add5c3f67cde4",
              "subnet-037a0b4e1ff8fec98",
              "subnet-0c5a5e75e3277dc60"
            ],
            "tags": {},
            "timeouts": {
              "create": null,
              "delete": null,
              "update": null
            },
            "vpc_id": "vpc-0ed963d08d2f1340f",
            "zone_id": "Z1H1FL5HABSF5"
          },
          "private": "eyJlMmJmYjczMC1lY2FhLTExZTYtOGY4OC0zNDM2M2JjN2M0YzAiOnsiY3JlYXRlIjo2MDAwMDAwMDAwMDAsImRlbGV0ZSI6NjAwMDAwMDAwMDAwLCJ1cGRhdGUiOjYwMDAwMDAwMDAwMH19",
          "dependencies": [
            "aws_security_group.DivvyCloud-ECS-SecurityGroup-ALB",
            "aws_subnet.DivvyCloud-ECS-Public-Subnet1",
            "aws_subnet.DivvyCloud-ECS-Public-Subnet2",
            "aws_subnet.DivvyCloud-ECS-Public-Subnet3",
            "aws_vpc.DivvyCloud-ECS-VPC"
          ]
        }
      ]
    },
    {
      "mode": "managed",
      "type": "aws_lb_listener",
      "name": "DivvCloud-ECS-ALB-Listener-HTTP",
      "each": "list",
      "provider": "provider.aws",
      "instances": [
        {
          "index_key": 0,
          "schema_version": 0,
          "attributes": {
            "arn": "arn:aws:elasticloadbalancing:us-west-2:014578312761:listener/app/DivvyCloud-ECS-ALB/5185a6bf363fac86/f1c56a95c01d2dc2",
            "certificate_arn": null,
            "default_action": [
              {
                "authenticate_cognito": [],
                "authenticate_oidc": [],
                "fixed_response": [],
                "order": 1,
                "redirect": [],
                "target_group_arn": "arn:aws:elasticloadbalancing:us-west-2:014578312761:targetgroup/DivvyCloud-ECS-ALB-TG/1bcd86e7c64cc47c",
                "type": "forward"
              }
            ],
            "id": "arn:aws:elasticloadbalancing:us-west-2:014578312761:listener/app/DivvyCloud-ECS-ALB/5185a6bf363fac86/f1c56a95c01d2dc2",
            "load_balancer_arn": "arn:aws:elasticloadbalancing:us-west-2:014578312761:loadbalancer/app/DivvyCloud-ECS-ALB/5185a6bf363fac86",
            "port": 80,
            "protocol": "HTTP",
            "ssl_policy": "",
            "timeouts": {
              "read": null
            }
          },
          "private": "eyJlMmJmYjczMC1lY2FhLTExZTYtOGY4OC0zNDM2M2JjN2M0YzAiOnsicmVhZCI6NjAwMDAwMDAwMDAwfX0=",
          "dependencies": [
            "aws_lb.DivvyCloud-ECS-ALB",
            "aws_lb_target_group.DivvyCloud-ECS-ALB-TG"
          ]
        }
      ]
    },
    {
      "mode": "managed",
      "type": "aws_lb_listener",
      "name": "DivvCloud-ECS-ALB-Listener-HTTPS",
      "each": "list",
      "provider": "provider.aws",
      "instances": []
    },
    {
      "mode": "managed",
      "type": "aws_lb_target_group",
      "name": "DivvyCloud-ECS-ALB-TG",
      "provider": "provider.aws",
      "instances": [
        {
          "schema_version": 0,
          "attributes": {
            "arn": "arn:aws:elasticloadbalancing:us-west-2:014578312761:targetgroup/DivvyCloud-ECS-ALB-TG/1bcd86e7c64cc47c",
            "arn_suffix": "targetgroup/DivvyCloud-ECS-ALB-TG/1bcd86e7c64cc47c",
            "deregistration_delay": 300,
            "health_check": [
              {
                "enabled": true,
                "healthy_threshold": 5,
                "interval": 30,
                "matcher": "200",
                "path": "/Status",
                "port": "traffic-port",
                "protocol": "HTTP",
                "timeout": 5,
                "unhealthy_threshold": 2
              }
            ],
            "id": "arn:aws:elasticloadbalancing:us-west-2:014578312761:targetgroup/DivvyCloud-ECS-ALB-TG/1bcd86e7c64cc47c",
            "lambda_multi_value_headers_enabled": false,
            "name": "DivvyCloud-ECS-ALB-TG",
            "name_prefix": null,
            "port": 8001,
            "protocol": "HTTP",
            "proxy_protocol_v2": false,
            "slow_start": 0,
            "stickiness": [
              {
                "cookie_duration": 86400,
                "enabled": false,
                "type": "lb_cookie"
              }
            ],
            "tags": {},
            "target_type": "ip",
            "vpc_id": "vpc-0ed963d08d2f1340f"
          },
          "private": "bnVsbA==",
          "dependencies": [
            "aws_vpc.DivvyCloud-ECS-VPC"
          ]
        }
      ]
    },
    {
      "mode": "managed",
      "type": "aws_nat_gateway",
      "name": "DivvyCloud-NAT-GW",
      "provider": "provider.aws",
      "instances": [
        {
          "schema_version": 0,
          "attributes": {
            "allocation_id": "eipalloc-0ae0637808db487aa",
            "id": "nat-0af43e039fee5e19e",
            "network_interface_id": "eni-063b500cf279f0204",
            "private_ip": "172.31.62.32",
            "public_ip": "44.231.132.193",
            "subnet_id": "subnet-037a0b4e1ff8fec98",
            "tags": {}
          },
          "private": "bnVsbA==",
          "dependencies": [
            "aws_eip.DivvyCloud-NAT-GW-EIP",
            "aws_subnet.DivvyCloud-ECS-Public-Subnet1",
            "aws_vpc.DivvyCloud-ECS-VPC"
          ]
        }
      ]
    },
    {
      "mode": "managed",
      "type": "aws_nat_gateway",
      "name": "DivvyCloud-NAT-GW2",
      "provider": "provider.aws",
      "instances": [
        {
          "schema_version": 0,
          "attributes": {
            "allocation_id": "eipalloc-039d7f43e198eb57c",
            "id": "nat-07051ccd4256d470c",
            "network_interface_id": "eni-0602620515d03bd3f",
            "private_ip": "172.31.69.221",
            "public_ip": "54.202.8.10",
            "subnet_id": "subnet-01a4add5c3f67cde4",
            "tags": {}
          },
          "private": "bnVsbA==",
          "dependencies": [
            "aws_eip.DivvyCloud-NAT-GW-EIP2",
            "aws_subnet.DivvyCloud-ECS-Public-Subnet2",
            "aws_vpc.DivvyCloud-ECS-VPC"
          ]
        }
      ]
    },
    {
      "mode": "managed",
      "type": "aws_nat_gateway",
      "name": "DivvyCloud-NAT-GW3",
      "provider": "provider.aws",
      "instances": [
        {
          "schema_version": 0,
          "attributes": {
            "allocation_id": "eipalloc-0e4ecdef1fbbab4f2",
            "id": "nat-06e5203d63a0f10b6",
            "network_interface_id": "eni-0685ced473f5b579d",
            "private_ip": "172.31.81.243",
            "public_ip": "44.227.12.236",
            "subnet_id": "subnet-0c5a5e75e3277dc60",
            "tags": {}
          },
          "private": "bnVsbA==",
          "dependencies": [
            "aws_eip.DivvyCloud-NAT-GW-EIP3",
            "aws_subnet.DivvyCloud-ECS-Public-Subnet3",
            "aws_vpc.DivvyCloud-ECS-VPC"
          ]
        }
      ]
    },
    {
      "mode": "managed",
      "type": "aws_route_table",
      "name": "DivvyCloud-ECS-RouteTable-Private",
      "provider": "provider.aws",
      "instances": [
        {
          "schema_version": 0,
          "attributes": {
            "id": "rtb-00762609ace81ffc3",
            "owner_id": "014578312761",
            "propagating_vgws": [],
            "route": [
              {
                "cidr_block": "0.0.0.0/0",
                "egress_only_gateway_id": "",
                "gateway_id": "",
                "instance_id": "",
                "ipv6_cidr_block": "",
                "nat_gateway_id": "nat-0af43e039fee5e19e",
                "network_interface_id": "",
                "transit_gateway_id": "",
                "vpc_peering_connection_id": ""
              }
            ],
            "tags": {
              "Name": "DivvyCloud-ECS-RouteTable-Private"
            },
            "vpc_id": "vpc-0ed963d08d2f1340f"
          },
          "private": "bnVsbA==",
          "dependencies": [
            "aws_eip.DivvyCloud-NAT-GW-EIP",
            "aws_nat_gateway.DivvyCloud-NAT-GW",
            "aws_subnet.DivvyCloud-ECS-Public-Subnet1",
            "aws_vpc.DivvyCloud-ECS-VPC"
          ]
        }
      ]
    },
    {
      "mode": "managed",
      "type": "aws_route_table",
      "name": "DivvyCloud-ECS-RouteTable-Private2",
      "provider": "provider.aws",
      "instances": [
        {
          "schema_version": 0,
          "attributes": {
            "id": "rtb-0a6ed22cc265e081c",
            "owner_id": "014578312761",
            "propagating_vgws": [],
            "route": [
              {
                "cidr_block": "0.0.0.0/0",
                "egress_only_gateway_id": "",
                "gateway_id": "",
                "instance_id": "",
                "ipv6_cidr_block": "",
                "nat_gateway_id": "nat-07051ccd4256d470c",
                "network_interface_id": "",
                "transit_gateway_id": "",
                "vpc_peering_connection_id": ""
              }
            ],
            "tags": {
              "Name": "DivvyCloud-ECS-RouteTable-Private2"
            },
            "vpc_id": "vpc-0ed963d08d2f1340f"
          },
          "private": "bnVsbA==",
          "dependencies": [
            "aws_eip.DivvyCloud-NAT-GW-EIP2",
            "aws_nat_gateway.DivvyCloud-NAT-GW2",
            "aws_subnet.DivvyCloud-ECS-Public-Subnet2",
            "aws_vpc.DivvyCloud-ECS-VPC"
          ]
        }
      ]
    },
    {
      "mode": "managed",
      "type": "aws_route_table",
      "name": "DivvyCloud-ECS-RouteTable-Private3",
      "provider": "provider.aws",
      "instances": [
        {
          "schema_version": 0,
          "attributes": {
            "id": "rtb-0bc1dd548477abe5e",
            "owner_id": "014578312761",
            "propagating_vgws": [],
            "route": [
              {
                "cidr_block": "0.0.0.0/0",
                "egress_only_gateway_id": "",
                "gateway_id": "",
                "instance_id": "",
                "ipv6_cidr_block": "",
                "nat_gateway_id": "nat-06e5203d63a0f10b6",
                "network_interface_id": "",
                "transit_gateway_id": "",
                "vpc_peering_connection_id": ""
              }
            ],
            "tags": {
              "Name": "DivvyCloud-ECS-RouteTable-Private3"
            },
            "vpc_id": "vpc-0ed963d08d2f1340f"
          },
          "private": "bnVsbA==",
          "dependencies": [
            "aws_eip.DivvyCloud-NAT-GW-EIP3",
            "aws_nat_gateway.DivvyCloud-NAT-GW3",
            "aws_subnet.DivvyCloud-ECS-Public-Subnet3",
            "aws_vpc.DivvyCloud-ECS-VPC"
          ]
        }
      ]
    },
    {
      "mode": "managed",
      "type": "aws_route_table",
      "name": "DivvyCloud-ECS-RouteTable-Public",
      "provider": "provider.aws",
      "instances": [
        {
          "schema_version": 0,
          "attributes": {
            "id": "rtb-003ed2117ecfbb587",
            "owner_id": "014578312761",
            "propagating_vgws": [],
            "route": [
              {
                "cidr_block": "0.0.0.0/0",
                "egress_only_gateway_id": "",
                "gateway_id": "igw-0f101e98579a13c98",
                "instance_id": "",
                "ipv6_cidr_block": "",
                "nat_gateway_id": "",
                "network_interface_id": "",
                "transit_gateway_id": "",
                "vpc_peering_connection_id": ""
              }
            ],
            "tags": {
              "Name": "DivvyCloud-ECS-RouteTable-Public"
            },
            "vpc_id": "vpc-0ed963d08d2f1340f"
          },
          "private": "bnVsbA==",
          "dependencies": [
            "aws_internet_gateway.DivvyCloud-InternetGateway",
            "aws_vpc.DivvyCloud-ECS-VPC"
          ]
        }
      ]
    },
    {
      "mode": "managed",
      "type": "aws_route_table_association",
      "name": "DivvyCloud-ECS-RouteTable-Assoc1",
      "provider": "provider.aws",
      "instances": [
        {
          "schema_version": 0,
          "attributes": {
            "gateway_id": null,
            "id": "rtbassoc-05b0811f632aee9bd",
            "route_table_id": "rtb-00762609ace81ffc3",
            "subnet_id": "subnet-0b197bc1cb2436fec"
          },
          "private": "bnVsbA==",
          "dependencies": [
            "aws_eip.DivvyCloud-NAT-GW-EIP",
            "aws_nat_gateway.DivvyCloud-NAT-GW",
            "aws_route_table.DivvyCloud-ECS-RouteTable-Private",
            "aws_subnet.DivvyCloud-ECS-Private-Subnet1",
            "aws_subnet.DivvyCloud-ECS-Public-Subnet1",
            "aws_vpc.DivvyCloud-ECS-VPC"
          ]
        }
      ]
    },
    {
      "mode": "managed",
      "type": "aws_route_table_association",
      "name": "DivvyCloud-ECS-RouteTable-Assoc2",
      "provider": "provider.aws",
      "instances": [
        {
          "schema_version": 0,
          "attributes": {
            "gateway_id": null,
            "id": "rtbassoc-08f208ce8f5ed725e",
            "route_table_id": "rtb-0a6ed22cc265e081c",
            "subnet_id": "subnet-0b0c4cde0b18c4c70"
          },
          "private": "bnVsbA==",
          "dependencies": [
            "aws_eip.DivvyCloud-NAT-GW-EIP2",
            "aws_nat_gateway.DivvyCloud-NAT-GW2",
            "aws_route_table.DivvyCloud-ECS-RouteTable-Private2",
            "aws_subnet.DivvyCloud-ECS-Private-Subnet2",
            "aws_subnet.DivvyCloud-ECS-Public-Subnet2",
            "aws_vpc.DivvyCloud-ECS-VPC"
          ]
        }
      ]
    },
    {
      "mode": "managed",
      "type": "aws_route_table_association",
      "name": "DivvyCloud-ECS-RouteTable-Assoc3",
      "provider": "provider.aws",
      "instances": [
        {
          "schema_version": 0,
          "attributes": {
            "gateway_id": null,
            "id": "rtbassoc-096aeb98b315a5159",
            "route_table_id": "rtb-0bc1dd548477abe5e",
            "subnet_id": "subnet-01a7dade08fd10375"
          },
          "private": "bnVsbA==",
          "dependencies": [
            "aws_eip.DivvyCloud-NAT-GW-EIP3",
            "aws_nat_gateway.DivvyCloud-NAT-GW3",
            "aws_route_table.DivvyCloud-ECS-RouteTable-Private3",
            "aws_subnet.DivvyCloud-ECS-Private-Subnet3",
            "aws_subnet.DivvyCloud-ECS-Public-Subnet3",
            "aws_vpc.DivvyCloud-ECS-VPC"
          ]
        }
      ]
    },
    {
      "mode": "managed",
      "type": "aws_route_table_association",
      "name": "DivvyCloud-ECS-RouteTable-Assoc4",
      "provider": "provider.aws",
      "instances": [
        {
          "schema_version": 0,
          "attributes": {
            "gateway_id": null,
            "id": "rtbassoc-0e947256ad110f7b1",
            "route_table_id": "rtb-003ed2117ecfbb587",
            "subnet_id": "subnet-037a0b4e1ff8fec98"
          },
          "private": "bnVsbA==",
          "dependencies": [
            "aws_internet_gateway.DivvyCloud-InternetGateway",
            "aws_route_table.DivvyCloud-ECS-RouteTable-Public",
            "aws_subnet.DivvyCloud-ECS-Public-Subnet1",
            "aws_vpc.DivvyCloud-ECS-VPC"
          ]
        }
      ]
    },
    {
      "mode": "managed",
      "type": "aws_route_table_association",
      "name": "DivvyCloud-ECS-RouteTable-Assoc5",
      "provider": "provider.aws",
      "instances": [
        {
          "schema_version": 0,
          "attributes": {
            "gateway_id": null,
            "id": "rtbassoc-048508f738a792742",
            "route_table_id": "rtb-003ed2117ecfbb587",
            "subnet_id": "subnet-01a4add5c3f67cde4"
          },
          "private": "bnVsbA==",
          "dependencies": [
            "aws_internet_gateway.DivvyCloud-InternetGateway",
            "aws_route_table.DivvyCloud-ECS-RouteTable-Public",
            "aws_subnet.DivvyCloud-ECS-Public-Subnet2",
            "aws_vpc.DivvyCloud-ECS-VPC"
          ]
        }
      ]
    },
    {
      "mode": "managed",
      "type": "aws_route_table_association",
      "name": "DivvyCloud-ECS-RouteTable-Assoc6",
      "provider": "provider.aws",
      "instances": [
        {
          "schema_version": 0,
          "attributes": {
            "gateway_id": null,
            "id": "rtbassoc-026a89250cda89c20",
            "route_table_id": "rtb-003ed2117ecfbb587",
            "subnet_id": "subnet-0c5a5e75e3277dc60"
          },
          "private": "bnVsbA==",
          "dependencies": [
            "aws_internet_gateway.DivvyCloud-InternetGateway",
            "aws_route_table.DivvyCloud-ECS-RouteTable-Public",
            "aws_subnet.DivvyCloud-ECS-Public-Subnet3",
            "aws_vpc.DivvyCloud-ECS-VPC"
          ]
        }
      ]
    },
    {
      "mode": "managed",
      "type": "aws_secretsmanager_secret",
      "name": "divvycloud-credentials",
      "provider": "provider.aws",
      "instances": [
        {
          "schema_version": 0,
          "attributes": {
            "arn": "arn:aws:secretsmanager:us-west-2:014578312761:secret:divvycloud-credentials-sZN4cJ",
            "description": "",
            "id": "arn:aws:secretsmanager:us-west-2:014578312761:secret:divvycloud-credentials-sZN4cJ",
            "kms_key_id": "",
            "name": "divvycloud-credentials",
            "name_prefix": null,
            "policy": null,
            "recovery_window_in_days": 30,
            "rotation_enabled": false,
            "rotation_lambda_arn": "",
            "rotation_rules": [],
            "tags": {}
          },
          "private": "bnVsbA=="
        }
      ]
    },
    {
      "mode": "managed",
      "type": "aws_secretsmanager_secret_version",
      "name": "divvycloud-credentials",
      "provider": "provider.aws",
      "instances": [
        {
          "schema_version": 0,
          "attributes": {
            "arn": "arn:aws:secretsmanager:us-west-2:014578312761:secret:divvycloud-credentials-sZN4cJ",
            "id": "arn:aws:secretsmanager:us-west-2:014578312761:secret:divvycloud-credentials-sZN4cJ|95915EE0-D7FA-4358-A9AB-211DAE571478",
            "secret_binary": "",
            "secret_id": "arn:aws:secretsmanager:us-west-2:014578312761:secret:divvycloud-credentials-sZN4cJ",
            "secret_string": "{\"dbInstanceIdentifier\":\"divvycloud-ecs-mysql\",\"dbname\":\"divvy\",\"engine\":\"mysql\",\"host\":\"divvycloud-ecs-mysql.cmziwbuw4ezd.us-west-2.rds.amazonaws.com\",\"password\":\"(y*)YdcV%e7nkaxCk2rx\",\"port\":3306,\"username\":\"divvy\"}",
            "version_id": "95915EE0-D7FA-4358-A9AB-211DAE571478",
            "version_stages": [
              "AWSCURRENT"
            ]
          },
          "private": "bnVsbA==",
          "dependencies": [
            "aws_db_instance.DivvyCloud-ECS-MySQL",
            "aws_db_parameter_group.DivvyCloud-RDS-SlowQuery-PG",
            "aws_db_subnet_group.DivvyCloud-ECS-MySQL-Subnet-Group",
            "aws_iam_role.DivvyCloud-RDS-Role",
            "aws_secretsmanager_secret.divvycloud-credentials",
            "aws_security_group.DivvyCloud-ECS-SecurityGroup-RDS",
            "aws_subnet.DivvyCloud-ECS-Private-Subnet1",
            "aws_subnet.DivvyCloud-ECS-Private-Subnet2",
            "aws_vpc.DivvyCloud-ECS-VPC",
            "random_string.DivvyCloud-Random"
          ]
        }
      ]
    },
    {
      "mode": "managed",
      "type": "aws_security_group",
      "name": "DivvyCloud-ECS-SecurityGroup-ALB",
      "provider": "provider.aws",
      "instances": [
        {
          "schema_version": 1,
          "attributes": {
            "arn": "arn:aws:ec2:us-west-2:014578312761:security-group/sg-0d71b57ce6dac03b6",
            "description": "DivvyCloud UI/ALB",
            "egress": [
              {
                "cidr_blocks": [
                  "0.0.0.0/0"
                ],
                "description": "",
                "from_port": 0,
                "ipv6_cidr_blocks": [],
                "prefix_list_ids": [],
                "protocol": "-1",
                "security_groups": [],
                "self": false,
                "to_port": 0
              }
            ],
            "id": "sg-0d71b57ce6dac03b6",
            "ingress": [
              {
                "cidr_blocks": [
                  "1.2.3.4/32",
                  "73.169.50.3/32"
                ],
                "description": "",
                "from_port": 80,
                "ipv6_cidr_blocks": [],
                "prefix_list_ids": [],
                "protocol": "tcp",
                "security_groups": [],
                "self": false,
                "to_port": 80
              }
            ],
            "name": "DivvyCloud-ECS-SecurityGroup-ALB",
            "name_prefix": null,
            "owner_id": "014578312761",
            "revoke_rules_on_delete": false,
            "tags": {},
            "timeouts": null,
            "vpc_id": "vpc-0ed963d08d2f1340f"
          },
          "private": "eyJlMmJmYjczMC1lY2FhLTExZTYtOGY4OC0zNDM2M2JjN2M0YzAiOnsiY3JlYXRlIjo2MDAwMDAwMDAwMDAsImRlbGV0ZSI6NjAwMDAwMDAwMDAwfSwic2NoZW1hX3ZlcnNpb24iOiIxIn0=",
          "dependencies": [
            "aws_vpc.DivvyCloud-ECS-VPC"
          ]
        }
      ]
    },
    {
      "mode": "managed",
      "type": "aws_security_group",
      "name": "DivvyCloud-ECS-SecurityGroup-RDS",
      "provider": "provider.aws",
      "instances": [
        {
          "schema_version": 1,
          "attributes": {
            "arn": "arn:aws:ec2:us-west-2:014578312761:security-group/sg-086b4e07585b400ca",
            "description": "Database Rules",
            "egress": [
              {
                "cidr_blocks": [
                  "0.0.0.0/0"
                ],
                "description": "",
                "from_port": 0,
                "ipv6_cidr_blocks": [],
                "prefix_list_ids": [],
                "protocol": "-1",
                "security_groups": [],
                "self": false,
                "to_port": 0
              }
            ],
            "id": "sg-086b4e07585b400ca",
            "ingress": [
              {
                "cidr_blocks": [
                  "172.31.0.0/16"
                ],
                "description": "",
                "from_port": 3306,
                "ipv6_cidr_blocks": [],
                "prefix_list_ids": [],
                "protocol": "tcp",
                "security_groups": [],
                "self": false,
                "to_port": 3306
              }
            ],
            "name": "DivvyCloud-ECS-SecurityGroup-RDS",
            "name_prefix": null,
            "owner_id": "014578312761",
            "revoke_rules_on_delete": false,
            "tags": {},
            "timeouts": null,
            "vpc_id": "vpc-0ed963d08d2f1340f"
          },
          "private": "eyJlMmJmYjczMC1lY2FhLTExZTYtOGY4OC0zNDM2M2JjN2M0YzAiOnsiY3JlYXRlIjo2MDAwMDAwMDAwMDAsImRlbGV0ZSI6NjAwMDAwMDAwMDAwfSwic2NoZW1hX3ZlcnNpb24iOiIxIn0=",
          "dependencies": [
            "aws_vpc.DivvyCloud-ECS-VPC"
          ]
        }
      ]
    },
    {
      "mode": "managed",
      "type": "aws_security_group",
      "name": "DivvyCloud-ECS-SecurityGroup-Redis",
      "provider": "provider.aws",
      "instances": [
        {
          "schema_version": 1,
          "attributes": {
            "arn": "arn:aws:ec2:us-west-2:014578312761:security-group/sg-08b562d321d8359ce",
            "description": "RedisAccess",
            "egress": [
              {
                "cidr_blocks": [
                  "0.0.0.0/0"
                ],
                "description": "",
                "from_port": 0,
                "ipv6_cidr_blocks": [],
                "prefix_list_ids": [],
                "protocol": "-1",
                "security_groups": [],
                "self": false,
                "to_port": 0
              }
            ],
            "id": "sg-08b562d321d8359ce",
            "ingress": [
              {
                "cidr_blocks": [
                  "172.31.0.0/16"
                ],
                "description": "",
                "from_port": 6379,
                "ipv6_cidr_blocks": [],
                "prefix_list_ids": [],
                "protocol": "tcp",
                "security_groups": [],
                "self": false,
                "to_port": 6379
              }
            ],
            "name": "DivvyCloud-ECS-SecurityGroup-Redis",
            "name_prefix": null,
            "owner_id": "014578312761",
            "revoke_rules_on_delete": false,
            "tags": {},
            "timeouts": null,
            "vpc_id": "vpc-0ed963d08d2f1340f"
          },
          "private": "eyJlMmJmYjczMC1lY2FhLTExZTYtOGY4OC0zNDM2M2JjN2M0YzAiOnsiY3JlYXRlIjo2MDAwMDAwMDAwMDAsImRlbGV0ZSI6NjAwMDAwMDAwMDAwfSwic2NoZW1hX3ZlcnNpb24iOiIxIn0=",
          "dependencies": [
            "aws_vpc.DivvyCloud-ECS-VPC"
          ]
        }
      ]
    },
    {
      "mode": "managed",
      "type": "aws_security_group",
      "name": "DivvyCloud-ECS-SecurityGroup-UI",
      "provider": "provider.aws",
      "instances": [
        {
          "schema_version": 1,
          "attributes": {
            "arn": "arn:aws:ec2:us-west-2:014578312761:security-group/sg-05918b28ce705c082",
            "description": "Worker/web rules",
            "egress": [
              {
                "cidr_blocks": [
                  "0.0.0.0/0"
                ],
                "description": "",
                "from_port": 0,
                "ipv6_cidr_blocks": [],
                "prefix_list_ids": [],
                "protocol": "-1",
                "security_groups": [],
                "self": false,
                "to_port": 0
              }
            ],
            "id": "sg-05918b28ce705c082",
            "ingress": [
              {
                "cidr_blocks": [
                  "172.31.0.0/16"
                ],
                "description": "",
                "from_port": 8001,
                "ipv6_cidr_blocks": [],
                "prefix_list_ids": [],
                "protocol": "tcp",
                "security_groups": [],
                "self": false,
                "to_port": 8001
              }
            ],
            "name": "DivvyCloud-ECS-SecurityGroup-UI",
            "name_prefix": null,
            "owner_id": "014578312761",
            "revoke_rules_on_delete": false,
            "tags": {},
            "timeouts": null,
            "vpc_id": "vpc-0ed963d08d2f1340f"
          },
          "private": "eyJlMmJmYjczMC1lY2FhLTExZTYtOGY4OC0zNDM2M2JjN2M0YzAiOnsiY3JlYXRlIjo2MDAwMDAwMDAwMDAsImRlbGV0ZSI6NjAwMDAwMDAwMDAwfSwic2NoZW1hX3ZlcnNpb24iOiIxIn0=",
          "dependencies": [
            "aws_vpc.DivvyCloud-ECS-VPC"
          ]
        }
      ]
    },
    {
      "mode": "managed",
      "type": "aws_security_group_rule",
      "name": "DivvyCloud-ECS-SecurityGroup-ALB",
      "provider": "provider.aws",
      "instances": [
        {
          "schema_version": 2,
          "attributes": {
            "cidr_blocks": [
              "1.2.3.4/32",
              "73.169.50.3/32"
            ],
            "description": "",
            "from_port": 80,
            "id": "sgrule-3831182089",
            "ipv6_cidr_blocks": [],
            "prefix_list_ids": [],
            "protocol": "tcp",
            "security_group_id": "sg-0d71b57ce6dac03b6",
            "self": false,
            "source_security_group_id": null,
            "to_port": 80,
            "type": "ingress"
          },
          "private": "eyJzY2hlbWFfdmVyc2lvbiI6IjIifQ==",
          "dependencies": [
            "aws_security_group.DivvyCloud-ECS-SecurityGroup-ALB",
            "aws_vpc.DivvyCloud-ECS-VPC"
          ]
        }
      ]
    },
    {
      "mode": "managed",
      "type": "aws_security_group_rule",
      "name": "DivvyCloud-ECS-SecurityGroup-ALB3",
      "provider": "provider.aws",
      "instances": [
        {
          "schema_version": 2,
          "attributes": {
            "cidr_blocks": [
              "0.0.0.0/0"
            ],
            "description": "",
            "from_port": 0,
            "id": "sgrule-1960979673",
            "ipv6_cidr_blocks": [],
            "prefix_list_ids": [],
            "protocol": "-1",
            "security_group_id": "sg-0d71b57ce6dac03b6",
            "self": false,
            "source_security_group_id": null,
            "to_port": 0,
            "type": "egress"
          },
          "private": "eyJzY2hlbWFfdmVyc2lvbiI6IjIifQ==",
          "dependencies": [
            "aws_security_group.DivvyCloud-ECS-SecurityGroup-ALB",
            "aws_vpc.DivvyCloud-ECS-VPC"
          ]
        }
      ]
    },
    {
      "mode": "managed",
      "type": "aws_security_group_rule",
      "name": "DivvyCloud-ECS-SecurityGroup-RDS",
      "provider": "provider.aws",
      "instances": [
        {
          "schema_version": 2,
          "attributes": {
            "cidr_blocks": [
              "172.31.0.0/16"
            ],
            "description": "",
            "from_port": 3306,
            "id": "sgrule-3108264789",
            "ipv6_cidr_blocks": [],
            "prefix_list_ids": [],
            "protocol": "tcp",
            "security_group_id": "sg-086b4e07585b400ca",
            "self": false,
            "source_security_group_id": null,
            "to_port": 3306,
            "type": "ingress"
          },
          "private": "eyJzY2hlbWFfdmVyc2lvbiI6IjIifQ==",
          "dependencies": [
            "aws_security_group.DivvyCloud-ECS-SecurityGroup-RDS",
            "aws_vpc.DivvyCloud-ECS-VPC"
          ]
        }
      ]
    },
    {
      "mode": "managed",
      "type": "aws_security_group_rule",
      "name": "DivvyCloud-ECS-SecurityGroup-RDS2",
      "provider": "provider.aws",
      "instances": [
        {
          "schema_version": 2,
          "attributes": {
            "cidr_blocks": [
              "0.0.0.0/0"
            ],
            "description": "",
            "from_port": 0,
            "id": "sgrule-2696351907",
            "ipv6_cidr_blocks": [],
            "prefix_list_ids": [],
            "protocol": "-1",
            "security_group_id": "sg-086b4e07585b400ca",
            "self": false,
            "source_security_group_id": null,
            "to_port": 0,
            "type": "egress"
          },
          "private": "eyJzY2hlbWFfdmVyc2lvbiI6IjIifQ==",
          "dependencies": [
            "aws_security_group.DivvyCloud-ECS-SecurityGroup-RDS",
            "aws_vpc.DivvyCloud-ECS-VPC"
          ]
        }
      ]
    },
    {
      "mode": "managed",
      "type": "aws_security_group_rule",
      "name": "DivvyCloud-ECS-SecurityGroup-Redis",
      "provider": "provider.aws",
      "instances": [
        {
          "schema_version": 2,
          "attributes": {
            "cidr_blocks": [
              "172.31.0.0/16"
            ],
            "description": "",
            "from_port": 6379,
            "id": "sgrule-3648167459",
            "ipv6_cidr_blocks": [],
            "prefix_list_ids": [],
            "protocol": "tcp",
            "security_group_id": "sg-08b562d321d8359ce",
            "self": false,
            "source_security_group_id": null,
            "to_port": 6379,
            "type": "ingress"
          },
          "private": "eyJzY2hlbWFfdmVyc2lvbiI6IjIifQ==",
          "dependencies": [
            "aws_security_group.DivvyCloud-ECS-SecurityGroup-Redis",
            "aws_vpc.DivvyCloud-ECS-VPC"
          ]
        }
      ]
    },
    {
      "mode": "managed",
      "type": "aws_security_group_rule",
      "name": "DivvyCloud-ECS-SecurityGroup-Redis2",
      "provider": "provider.aws",
      "instances": [
        {
          "schema_version": 2,
          "attributes": {
            "cidr_blocks": [
              "0.0.0.0/0"
            ],
            "description": "",
            "from_port": 0,
            "id": "sgrule-1690499416",
            "ipv6_cidr_blocks": [],
            "prefix_list_ids": [],
            "protocol": "-1",
            "security_group_id": "sg-08b562d321d8359ce",
            "self": false,
            "source_security_group_id": null,
            "to_port": 0,
            "type": "egress"
          },
          "private": "eyJzY2hlbWFfdmVyc2lvbiI6IjIifQ==",
          "dependencies": [
            "aws_security_group.DivvyCloud-ECS-SecurityGroup-Redis",
            "aws_vpc.DivvyCloud-ECS-VPC"
          ]
        }
      ]
    },
    {
      "mode": "managed",
      "type": "aws_security_group_rule",
      "name": "DivvyCloud-ECS-SecurityGroup-UI",
      "provider": "provider.aws",
      "instances": [
        {
          "schema_version": 2,
          "attributes": {
            "cidr_blocks": [
              "172.31.0.0/16"
            ],
            "description": "",
            "from_port": 8001,
            "id": "sgrule-849528001",
            "ipv6_cidr_blocks": [],
            "prefix_list_ids": [],
            "protocol": "tcp",
            "security_group_id": "sg-05918b28ce705c082",
            "self": false,
            "source_security_group_id": null,
            "to_port": 8001,
            "type": "ingress"
          },
          "private": "eyJzY2hlbWFfdmVyc2lvbiI6IjIifQ==",
          "dependencies": [
            "aws_security_group.DivvyCloud-ECS-SecurityGroup-UI",
            "aws_vpc.DivvyCloud-ECS-VPC"
          ]
        }
      ]
    },
    {
      "mode": "managed",
      "type": "aws_security_group_rule",
      "name": "DivvyCloud-ECS-SecurityGroup-UI3",
      "provider": "provider.aws",
      "instances": [
        {
          "schema_version": 2,
          "attributes": {
            "cidr_blocks": [
              "0.0.0.0/0"
            ],
            "description": "",
            "from_port": 0,
            "id": "sgrule-2751588267",
            "ipv6_cidr_blocks": [],
            "prefix_list_ids": [],
            "protocol": "-1",
            "security_group_id": "sg-05918b28ce705c082",
            "self": false,
            "source_security_group_id": null,
            "to_port": 0,
            "type": "egress"
          },
          "private": "eyJzY2hlbWFfdmVyc2lvbiI6IjIifQ==",
          "dependencies": [
            "aws_security_group.DivvyCloud-ECS-SecurityGroup-UI",
            "aws_vpc.DivvyCloud-ECS-VPC"
          ]
        }
      ]
    },
    {
      "mode": "managed",
      "type": "aws_subnet",
      "name": "DivvyCloud-ECS-Private-Subnet1",
      "provider": "provider.aws",
      "instances": [
        {
          "schema_version": 1,
          "attributes": {
            "arn": "arn:aws:ec2:us-west-2:014578312761:subnet/subnet-0b197bc1cb2436fec",
            "assign_ipv6_address_on_creation": false,
            "availability_zone": "us-west-2a",
            "availability_zone_id": "usw2-az2",
            "cidr_block": "172.31.0.0/20",
            "id": "subnet-0b197bc1cb2436fec",
            "ipv6_cidr_block": "",
            "ipv6_cidr_block_association_id": "",
            "map_public_ip_on_launch": false,
            "owner_id": "014578312761",
            "tags": {
              "Name": "DivvyCloud-ECS-Private-Subnet1"
            },
            "timeouts": null,
            "vpc_id": "vpc-0ed963d08d2f1340f"
          },
          "private": "eyJlMmJmYjczMC1lY2FhLTExZTYtOGY4OC0zNDM2M2JjN2M0YzAiOnsiY3JlYXRlIjo2MDAwMDAwMDAwMDAsImRlbGV0ZSI6MTIwMDAwMDAwMDAwMH0sInNjaGVtYV92ZXJzaW9uIjoiMSJ9",
          "dependencies": [
            "aws_vpc.DivvyCloud-ECS-VPC"
          ]
        }
      ]
    },
    {
      "mode": "managed",
      "type": "aws_subnet",
      "name": "DivvyCloud-ECS-Private-Subnet2",
      "provider": "provider.aws",
      "instances": [
        {
          "schema_version": 1,
          "attributes": {
            "arn": "arn:aws:ec2:us-west-2:014578312761:subnet/subnet-0b0c4cde0b18c4c70",
            "assign_ipv6_address_on_creation": false,
            "availability_zone": "us-west-2b",
            "availability_zone_id": "usw2-az1",
            "cidr_block": "172.31.16.0/20",
            "id": "subnet-0b0c4cde0b18c4c70",
            "ipv6_cidr_block": "",
            "ipv6_cidr_block_association_id": "",
            "map_public_ip_on_launch": false,
            "owner_id": "014578312761",
            "tags": {
              "Name": "DivvyCloud-ECS-Private-Subnet2"
            },
            "timeouts": null,
            "vpc_id": "vpc-0ed963d08d2f1340f"
          },
          "private": "eyJlMmJmYjczMC1lY2FhLTExZTYtOGY4OC0zNDM2M2JjN2M0YzAiOnsiY3JlYXRlIjo2MDAwMDAwMDAwMDAsImRlbGV0ZSI6MTIwMDAwMDAwMDAwMH0sInNjaGVtYV92ZXJzaW9uIjoiMSJ9",
          "dependencies": [
            "aws_vpc.DivvyCloud-ECS-VPC"
          ]
        }
      ]
    },
    {
      "mode": "managed",
      "type": "aws_subnet",
      "name": "DivvyCloud-ECS-Private-Subnet3",
      "provider": "provider.aws",
      "instances": [
        {
          "schema_version": 1,
          "attributes": {
            "arn": "arn:aws:ec2:us-west-2:014578312761:subnet/subnet-01a7dade08fd10375",
            "assign_ipv6_address_on_creation": false,
            "availability_zone": "us-west-2c",
            "availability_zone_id": "usw2-az3",
            "cidr_block": "172.31.32.0/20",
            "id": "subnet-01a7dade08fd10375",
            "ipv6_cidr_block": "",
            "ipv6_cidr_block_association_id": "",
            "map_public_ip_on_launch": false,
            "owner_id": "014578312761",
            "tags": {
              "Name": "DivvyCloud-ECS-Private-Subnet3"
            },
            "timeouts": null,
            "vpc_id": "vpc-0ed963d08d2f1340f"
          },
          "private": "eyJlMmJmYjczMC1lY2FhLTExZTYtOGY4OC0zNDM2M2JjN2M0YzAiOnsiY3JlYXRlIjo2MDAwMDAwMDAwMDAsImRlbGV0ZSI6MTIwMDAwMDAwMDAwMH0sInNjaGVtYV92ZXJzaW9uIjoiMSJ9",
          "dependencies": [
            "aws_vpc.DivvyCloud-ECS-VPC"
          ]
        }
      ]
    },
    {
      "mode": "managed",
      "type": "aws_subnet",
      "name": "DivvyCloud-ECS-Public-Subnet1",
      "provider": "provider.aws",
      "instances": [
        {
          "schema_version": 1,
          "attributes": {
            "arn": "arn:aws:ec2:us-west-2:014578312761:subnet/subnet-037a0b4e1ff8fec98",
            "assign_ipv6_address_on_creation": false,
            "availability_zone": "us-west-2a",
            "availability_zone_id": "usw2-az2",
            "cidr_block": "172.31.48.0/20",
            "id": "subnet-037a0b4e1ff8fec98",
            "ipv6_cidr_block": "",
            "ipv6_cidr_block_association_id": "",
            "map_public_ip_on_launch": false,
            "owner_id": "014578312761",
            "tags": {
              "Name": "DivvyCloud-ECS-Public-Subnet1"
            },
            "timeouts": null,
            "vpc_id": "vpc-0ed963d08d2f1340f"
          },
          "private": "eyJlMmJmYjczMC1lY2FhLTExZTYtOGY4OC0zNDM2M2JjN2M0YzAiOnsiY3JlYXRlIjo2MDAwMDAwMDAwMDAsImRlbGV0ZSI6MTIwMDAwMDAwMDAwMH0sInNjaGVtYV92ZXJzaW9uIjoiMSJ9",
          "dependencies": [
            "aws_vpc.DivvyCloud-ECS-VPC"
          ]
        }
      ]
    },
    {
      "mode": "managed",
      "type": "aws_subnet",
      "name": "DivvyCloud-ECS-Public-Subnet2",
      "provider": "provider.aws",
      "instances": [
        {
          "schema_version": 1,
          "attributes": {
            "arn": "arn:aws:ec2:us-west-2:014578312761:subnet/subnet-01a4add5c3f67cde4",
            "assign_ipv6_address_on_creation": false,
            "availability_zone": "us-west-2b",
            "availability_zone_id": "usw2-az1",
            "cidr_block": "172.31.64.0/20",
            "id": "subnet-01a4add5c3f67cde4",
            "ipv6_cidr_block": "",
            "ipv6_cidr_block_association_id": "",
            "map_public_ip_on_launch": false,
            "owner_id": "014578312761",
            "tags": {
              "Name": "DivvyCloud-ECS-Public-Subnet2"
            },
            "timeouts": null,
            "vpc_id": "vpc-0ed963d08d2f1340f"
          },
          "private": "eyJlMmJmYjczMC1lY2FhLTExZTYtOGY4OC0zNDM2M2JjN2M0YzAiOnsiY3JlYXRlIjo2MDAwMDAwMDAwMDAsImRlbGV0ZSI6MTIwMDAwMDAwMDAwMH0sInNjaGVtYV92ZXJzaW9uIjoiMSJ9",
          "dependencies": [
            "aws_vpc.DivvyCloud-ECS-VPC"
          ]
        }
      ]
    },
    {
      "mode": "managed",
      "type": "aws_subnet",
      "name": "DivvyCloud-ECS-Public-Subnet3",
      "provider": "provider.aws",
      "instances": [
        {
          "schema_version": 1,
          "attributes": {
            "arn": "arn:aws:ec2:us-west-2:014578312761:subnet/subnet-0c5a5e75e3277dc60",
            "assign_ipv6_address_on_creation": false,
            "availability_zone": "us-west-2c",
            "availability_zone_id": "usw2-az3",
            "cidr_block": "172.31.80.0/20",
            "id": "subnet-0c5a5e75e3277dc60",
            "ipv6_cidr_block": "",
            "ipv6_cidr_block_association_id": "",
            "map_public_ip_on_launch": false,
            "owner_id": "014578312761",
            "tags": {
              "Name": "DivvyCloud-ECS-Public-Subnet3"
            },
            "timeouts": null,
            "vpc_id": "vpc-0ed963d08d2f1340f"
          },
          "private": "eyJlMmJmYjczMC1lY2FhLTExZTYtOGY4OC0zNDM2M2JjN2M0YzAiOnsiY3JlYXRlIjo2MDAwMDAwMDAwMDAsImRlbGV0ZSI6MTIwMDAwMDAwMDAwMH0sInNjaGVtYV92ZXJzaW9uIjoiMSJ9",
          "dependencies": [
            "aws_vpc.DivvyCloud-ECS-VPC"
          ]
        }
      ]
    },
    {
      "mode": "managed",
      "type": "aws_vpc",
      "name": "DivvyCloud-ECS-VPC",
      "provider": "provider.aws",
      "instances": [
        {
          "schema_version": 1,
          "attributes": {
            "arn": "arn:aws:ec2:us-west-2:014578312761:vpc/vpc-0ed963d08d2f1340f",
            "assign_generated_ipv6_cidr_block": false,
            "cidr_block": "172.31.0.0/16",
            "default_network_acl_id": "acl-0c73b63656b844c61",
            "default_route_table_id": "rtb-06f9f0c8a6782889c",
            "default_security_group_id": "sg-04823ccbc5e6781e6",
            "dhcp_options_id": "dopt-1d413278",
            "enable_classiclink": false,
            "enable_classiclink_dns_support": false,
            "enable_dns_hostnames": true,
            "enable_dns_support": true,
            "id": "vpc-0ed963d08d2f1340f",
            "instance_tenancy": "default",
            "ipv6_association_id": "",
            "ipv6_cidr_block": "",
            "main_route_table_id": "rtb-06f9f0c8a6782889c",
            "owner_id": "014578312761",
            "tags": {
              "Name": "DivvyCloud-ECS-VPC"
            }
          },
          "private": "eyJzY2hlbWFfdmVyc2lvbiI6IjEifQ=="
        }
      ]
    },
    {
      "mode": "managed",
      "type": "random_string",
      "name": "DivvyCloud-Random",
      "provider": "provider.random",
      "instances": [
        {
          "schema_version": 1,
          "attributes": {
            "id": "(y*)YdcV%e7nkaxCk2rx",
            "keepers": null,
            "length": 20,
            "lower": true,
            "min_lower": 0,
            "min_numeric": 0,
            "min_special": 0,
            "min_upper": 0,
            "number": true,
            "override_special": null,
            "result": "(y*)YdcV%e7nkaxCk2rx",
            "special": true,
            "upper": true
          },
          "private": "eyJzY2hlbWFfdmVyc2lvbiI6IjEifQ=="
        }
      ]
    }
  ]
}
